// !$*UTF8*$!
{
	archiveVersion = 1;
	classes = {
	};
	objectVersion = 50;
	objects = {

/* Begin PBXBuildFile section */
		91013742263DD2430037AB6E /* AccessibilityStrategy.swift in Sources */ = {isa = PBXBuildFile; fileRef = 91013741263DD2430037AB6E /* AccessibilityStrategy.swift */; };
		91054E8B2644FE7D00CC0ACC /* KS_control_u_Tests.swift in Sources */ = {isa = PBXBuildFile; fileRef = 91054E8A2644FE7D00CC0ACC /* KS_control_u_Tests.swift */; };
		91054E8D264501F500CC0ACC /* control_u_Tests.swift in Sources */ = {isa = PBXBuildFile; fileRef = 91054E8C264501F500CC0ACC /* control_u_Tests.swift */; };
		91054E8F2645079B00CC0ACC /* KS_control_d_Tests.swift in Sources */ = {isa = PBXBuildFile; fileRef = 91054E8E2645079B00CC0ACC /* KS_control_d_Tests.swift */; };
		91054E912645087A00CC0ACC /* control_d_Tests.swift in Sources */ = {isa = PBXBuildFile; fileRef = 91054E902645087A00CC0ACC /* control_d_Tests.swift */; };
		910B05CA2642AECC005D287C /* FailingAccessibilityStrategyStub.swift in Sources */ = {isa = PBXBuildFile; fileRef = 910B05C92642AECC005D287C /* FailingAccessibilityStrategyStub.swift */; };
		9118C4E7263F0CE50040C297 /* Display.swift in Sources */ = {isa = PBXBuildFile; fileRef = 9118C4E6263F0CE50040C297 /* Display.swift */; };
		911BB7492632899E006882D8 /* VimEngine.swift in Sources */ = {isa = PBXBuildFile; fileRef = 911BB7482632899E006882D8 /* VimEngine.swift */; };
		911BB75626328D7D006882D8 /* EventTapController.swift in Sources */ = {isa = PBXBuildFile; fileRef = 911BB75526328D7D006882D8 /* EventTapController.swift */; };
		9128B0ED26380ACC007DC80B /* GlobalEventsControllerTests.swift in Sources */ = {isa = PBXBuildFile; fileRef = 9128B0EC26380ACC007DC80B /* GlobalEventsControllerTests.swift */; };
		9128F2B0262AA90C00625B42 /* AppDelegate.swift in Sources */ = {isa = PBXBuildFile; fileRef = 9128F2AF262AA90C00625B42 /* AppDelegate.swift */; };
		9128F2B2262AA90D00625B42 /* ContentView.swift in Sources */ = {isa = PBXBuildFile; fileRef = 9128F2B1262AA90D00625B42 /* ContentView.swift */; };
		9128F2B4262AA90D00625B42 /* Assets.xcassets in Resources */ = {isa = PBXBuildFile; fileRef = 9128F2B3262AA90D00625B42 /* Assets.xcassets */; };
		9128F2B7262AA90D00625B42 /* Preview Assets.xcassets in Resources */ = {isa = PBXBuildFile; fileRef = 9128F2B6262AA90D00625B42 /* Preview Assets.xcassets */; };
		9128F2BA262AA90D00625B42 /* Main.storyboard in Resources */ = {isa = PBXBuildFile; fileRef = 9128F2B8262AA90D00625B42 /* Main.storyboard */; };
		912B92D426443A06007F44E1 /* KS_yy_Tests.swift in Sources */ = {isa = PBXBuildFile; fileRef = 912B92D326443A06007F44E1 /* KS_yy_Tests.swift */; };
		912B92D826443C8F007F44E1 /* yy_Tests.swift in Sources */ = {isa = PBXBuildFile; fileRef = 912B92D726443C8F007F44E1 /* yy_Tests.swift */; };
		912B92DC26443FF8007F44E1 /* yiw_Tests.swift in Sources */ = {isa = PBXBuildFile; fileRef = 912B92DB26443FF8007F44E1 /* yiw_Tests.swift */; };
		912B92E0264443BD007F44E1 /* KS_yiw_Tests.swift in Sources */ = {isa = PBXBuildFile; fileRef = 912B92DF264443BD007F44E1 /* KS_yiw_Tests.swift */; };
		9140E6DD264554320021C2FB /* KS_cgg_Tests.swift in Sources */ = {isa = PBXBuildFile; fileRef = 9140E6DC264554320021C2FB /* KS_cgg_Tests.swift */; };
		9140E6E1264555390021C2FB /* cgg_Tests.swift in Sources */ = {isa = PBXBuildFile; fileRef = 9140E6E0264555390021C2FB /* cgg_Tests.swift */; };
		9145AA83264543BF0056976B /* KS_cG_Tests.swift in Sources */ = {isa = PBXBuildFile; fileRef = 9145AA82264543BF0056976B /* KS_cG_Tests.swift */; };
		9145AA85264545480056976B /* cG_Tests.swift in Sources */ = {isa = PBXBuildFile; fileRef = 9145AA84264545480056976B /* cG_Tests.swift */; };
		91482E40263DBE8300F10ADC /* KeyboardStrategy.swift in Sources */ = {isa = PBXBuildFile; fileRef = 91482E3F263DBE8300F10ADC /* KeyboardStrategy.swift */; };
		917458F1262EB934007D3855 /* StatusBarController.swift in Sources */ = {isa = PBXBuildFile; fileRef = 917458F0262EB934007D3855 /* StatusBarController.swift */; };
		918024B926386E95004FD719 /* AppComponent.swift in Sources */ = {isa = PBXBuildFile; fileRef = 918024B826386E95004FD719 /* AppComponent.swift */; };
		9197C0852636695A006C696A /* KeyCombinationAdaptor.swift in Sources */ = {isa = PBXBuildFile; fileRef = 9197C0842636695A006C696A /* KeyCombinationAdaptor.swift */; };
		9197C08A26366A3B006C696A /* KeyCombinationAdaptorTests.swift in Sources */ = {isa = PBXBuildFile; fileRef = 9197C08926366A3B006C696A /* KeyCombinationAdaptorTests.swift */; };
		919DEB632632C85B0052D514 /* KeyCombination.swift in Sources */ = {isa = PBXBuildFile; fileRef = 919DEB622632C85B0052D514 /* KeyCombination.swift */; };
		91A54ED92643B34F00400677 /* KS_$_Tests.swift in Sources */ = {isa = PBXBuildFile; fileRef = 91A54ED82643B34F00400677 /* KS_$_Tests.swift */; };
		91A54EDB2643B3FF00400677 /* KS_a_Tests.swift in Sources */ = {isa = PBXBuildFile; fileRef = 91A54EDA2643B3FF00400677 /* KS_a_Tests.swift */; };
		91A54EDD2643B58500400677 /* KS_A__Tests.swift in Sources */ = {isa = PBXBuildFile; fileRef = 91A54EDC2643B58500400677 /* KS_A__Tests.swift */; };
		91A54EDF2643B60F00400677 /* KS_b_Tests.swift in Sources */ = {isa = PBXBuildFile; fileRef = 91A54EDE2643B60F00400677 /* KS_b_Tests.swift */; };
		91A54EE12643B66800400677 /* KS_C__Tests.swift in Sources */ = {isa = PBXBuildFile; fileRef = 91A54EE02643B66800400677 /* KS_C__Tests.swift */; };
		91A54EE32643B6B400400677 /* KS_cc_Tests.swift in Sources */ = {isa = PBXBuildFile; fileRef = 91A54EE22643B6B400400677 /* KS_cc_Tests.swift */; };
		91A54EE52643B6F400400677 /* KS_ciw_Tests.swift in Sources */ = {isa = PBXBuildFile; fileRef = 91A54EE42643B6F400400677 /* KS_ciw_Tests.swift */; };
		91A54EE72643B76F00400677 /* KS_dd_Tests.swift in Sources */ = {isa = PBXBuildFile; fileRef = 91A54EE62643B76F00400677 /* KS_dd_Tests.swift */; };
		91A54EE92643B7A800400677 /* KS_G__Tests.swift in Sources */ = {isa = PBXBuildFile; fileRef = 91A54EE82643B7A800400677 /* KS_G__Tests.swift */; };
		91A54EEB2643B7E600400677 /* KS_gg_Tests.swift in Sources */ = {isa = PBXBuildFile; fileRef = 91A54EEA2643B7E600400677 /* KS_gg_Tests.swift */; };
		91A54EED2643B84100400677 /* KS_h_Tests.swift in Sources */ = {isa = PBXBuildFile; fileRef = 91A54EEC2643B84100400677 /* KS_h_Tests.swift */; };
		91A54EEF2643B88400400677 /* KS_I__Tests.swift in Sources */ = {isa = PBXBuildFile; fileRef = 91A54EEE2643B88400400677 /* KS_I__Tests.swift */; };
		91A54EF12643B8BA00400677 /* KS_j_Tests.swift in Sources */ = {isa = PBXBuildFile; fileRef = 91A54EF02643B8BA00400677 /* KS_j_Tests.swift */; };
		91A54EF32643B95500400677 /* KS_k_Tests.swift in Sources */ = {isa = PBXBuildFile; fileRef = 91A54EF22643B95500400677 /* KS_k_Tests.swift */; };
		91A54EF52643B98700400677 /* KS_l_Tests.swift in Sources */ = {isa = PBXBuildFile; fileRef = 91A54EF42643B98700400677 /* KS_l_Tests.swift */; };
		91A54EF72643B9F900400677 /* KS_o_Tests.swift in Sources */ = {isa = PBXBuildFile; fileRef = 91A54EF62643B9F900400677 /* KS_o_Tests.swift */; };
		91A54EF92643BA5A00400677 /* KS_O__Tests.swift in Sources */ = {isa = PBXBuildFile; fileRef = 91A54EF82643BA5A00400677 /* KS_O__Tests.swift */; };
		91A54EFB2643BAB800400677 /* KS_control_r_Tests.swift in Sources */ = {isa = PBXBuildFile; fileRef = 91A54EFA2643BAB800400677 /* KS_control_r_Tests.swift */; };
		91A54EFD2643BB2A00400677 /* KS_u_Tests.swift in Sources */ = {isa = PBXBuildFile; fileRef = 91A54EFC2643BB2A00400677 /* KS_u_Tests.swift */; };
		91A54EFF2643BB7000400677 /* KS_w_Tests.swift in Sources */ = {isa = PBXBuildFile; fileRef = 91A54EFE2643BB7000400677 /* KS_w_Tests.swift */; };
		91A54F012643BBA100400677 /* KS_x_Tests.swift in Sources */ = {isa = PBXBuildFile; fileRef = 91A54F002643BBA100400677 /* KS_x_Tests.swift */; };
		91A54F032643BBC900400677 /* KS_X__Tests.swift in Sources */ = {isa = PBXBuildFile; fileRef = 91A54F022643BBC900400677 /* KS_X__Tests.swift */; };
		91A54F052643BC3F00400677 /* KS___Tests.swift in Sources */ = {isa = PBXBuildFile; fileRef = 91A54F042643BC3F00400677 /* KS___Tests.swift */; };
		91A54F072643BC7B00400677 /* KS_0_Tests.swift in Sources */ = {isa = PBXBuildFile; fileRef = 91A54F062643BC7B00400677 /* KS_0_Tests.swift */; };
		91A54F092643BCD400400677 /* AS_h_Tests.swift in Sources */ = {isa = PBXBuildFile; fileRef = 91A54F082643BCD400400677 /* AS_h_Tests.swift */; };
		91A54F0B2643BD2000400677 /* AS_l_Tests.swift in Sources */ = {isa = PBXBuildFile; fileRef = 91A54F0A2643BD2000400677 /* AS_l_Tests.swift */; };
		91BC934226352A1E00B62B18 /* GlobalEventsController.swift in Sources */ = {isa = PBXBuildFile; fileRef = 91BC934126352A1E00B62B18 /* GlobalEventsController.swift */; };
		91BFF31B26403F95003B7A2A /* KeyCombinationTests.swift in Sources */ = {isa = PBXBuildFile; fileRef = 91BFF31A26403F95003B7A2A /* KeyCombinationTests.swift */; };
		91C486052641C0D30003D9D7 /* KeyboardStrategyMock.swift in Sources */ = {isa = PBXBuildFile; fileRef = 91C486042641C0D30003D9D7 /* KeyboardStrategyMock.swift */; };
		91E304BD2643E77A004D9933 /* a_Tests.swift in Sources */ = {isa = PBXBuildFile; fileRef = 91E304BC2643E77A004D9933 /* a_Tests.swift */; };
		91E304BF2643E843004D9933 /* KS_BaseTests.swift in Sources */ = {isa = PBXBuildFile; fileRef = 91E304BE2643E843004D9933 /* KS_BaseTests.swift */; };
		91E304C12643EAD9004D9933 /* AS_BaseTests.swift in Sources */ = {isa = PBXBuildFile; fileRef = 91E304C02643EAD9004D9933 /* AS_BaseTests.swift */; };
		91E304C32643EC48004D9933 /* BaseTests.swift in Sources */ = {isa = PBXBuildFile; fileRef = 91E304C22643EC48004D9933 /* BaseTests.swift */; };
		91E304C52643ED2E004D9933 /* b_Tests.swift in Sources */ = {isa = PBXBuildFile; fileRef = 91E304C42643ED2E004D9933 /* b_Tests.swift */; };
		91E304C72643EEB8004D9933 /* A__Tests.swift in Sources */ = {isa = PBXBuildFile; fileRef = 91E304C62643EEB8004D9933 /* A__Tests.swift */; };
		91E304C92643EF1C004D9933 /* c_Tests.swift in Sources */ = {isa = PBXBuildFile; fileRef = 91E304C82643EF1C004D9933 /* c_Tests.swift */; };
		91E304CB2643EF64004D9933 /* d_Tests.swift in Sources */ = {isa = PBXBuildFile; fileRef = 91E304CA2643EF64004D9933 /* d_Tests.swift */; };
		91E304CD2643EFA1004D9933 /* cc_Tests.swift in Sources */ = {isa = PBXBuildFile; fileRef = 91E304CC2643EFA1004D9933 /* cc_Tests.swift */; };
		91E304CF2643EFFD004D9933 /* C__Tests.swift in Sources */ = {isa = PBXBuildFile; fileRef = 91E304CE2643EFFD004D9933 /* C__Tests.swift */; };
		91E304D12643F05C004D9933 /* dd_Tests.swift in Sources */ = {isa = PBXBuildFile; fileRef = 91E304D02643F05C004D9933 /* dd_Tests.swift */; };
		91E304D32643F0C3004D9933 /* g_Tests.swift in Sources */ = {isa = PBXBuildFile; fileRef = 91E304D22643F0C3004D9933 /* g_Tests.swift */; };
		91E304D52643F133004D9933 /* G__Tests.swift in Sources */ = {isa = PBXBuildFile; fileRef = 91E304D42643F133004D9933 /* G__Tests.swift */; };
		91E304D72643F195004D9933 /* gg_Tests.swift in Sources */ = {isa = PBXBuildFile; fileRef = 91E304D62643F195004D9933 /* gg_Tests.swift */; };
		91E304D92643F1EF004D9933 /* h_Tests.swift in Sources */ = {isa = PBXBuildFile; fileRef = 91E304D82643F1EF004D9933 /* h_Tests.swift */; };
		91E304DB2643F22A004D9933 /* i_Tests.swift in Sources */ = {isa = PBXBuildFile; fileRef = 91E304DA2643F22A004D9933 /* i_Tests.swift */; };
		91E304DD2643F24E004D9933 /* I__Tests.swift in Sources */ = {isa = PBXBuildFile; fileRef = 91E304DC2643F24E004D9933 /* I__Tests.swift */; };
		91E304DF2643F2C0004D9933 /* l_Tests.swift in Sources */ = {isa = PBXBuildFile; fileRef = 91E304DE2643F2C0004D9933 /* l_Tests.swift */; };
		91E304E12643F2F8004D9933 /* j_Tests.swift in Sources */ = {isa = PBXBuildFile; fileRef = 91E304E02643F2F8004D9933 /* j_Tests.swift */; };
		91E304E32643F335004D9933 /* k_Tests.swift in Sources */ = {isa = PBXBuildFile; fileRef = 91E304E22643F335004D9933 /* k_Tests.swift */; };
		91E304E52643F3AC004D9933 /* o_Tests.swift in Sources */ = {isa = PBXBuildFile; fileRef = 91E304E42643F3AC004D9933 /* o_Tests.swift */; };
		91E304E72643F3ED004D9933 /* O__Tests.swift in Sources */ = {isa = PBXBuildFile; fileRef = 91E304E62643F3ED004D9933 /* O__Tests.swift */; };
		91E304E92643F421004D9933 /* control_r_Tests.swift in Sources */ = {isa = PBXBuildFile; fileRef = 91E304E82643F421004D9933 /* control_r_Tests.swift */; };
		91E304EB2643F483004D9933 /* u_Tests.swift in Sources */ = {isa = PBXBuildFile; fileRef = 91E304EA2643F483004D9933 /* u_Tests.swift */; };
		91E304ED2643F4B8004D9933 /* w_Tests.swift in Sources */ = {isa = PBXBuildFile; fileRef = 91E304EC2643F4B8004D9933 /* w_Tests.swift */; };
		91E304EF2643F4ED004D9933 /* x_Tests.swift in Sources */ = {isa = PBXBuildFile; fileRef = 91E304EE2643F4ED004D9933 /* x_Tests.swift */; };
		91E304F12643F528004D9933 /* X__Tests.swift in Sources */ = {isa = PBXBuildFile; fileRef = 91E304F02643F528004D9933 /* X__Tests.swift */; };
		91E304F32643F574004D9933 /* $_Tests.swift in Sources */ = {isa = PBXBuildFile; fileRef = 91E304F22643F574004D9933 /* $_Tests.swift */; };
		91E304F52643F5B0004D9933 /* __Tests.swift in Sources */ = {isa = PBXBuildFile; fileRef = 91E304F42643F5B0004D9933 /* __Tests.swift */; };
		91E304F72643F5F2004D9933 /* 0_Tests.swift in Sources */ = {isa = PBXBuildFile; fileRef = 91E304F62643F5F2004D9933 /* 0_Tests.swift */; };
		91E304F92643F6D1004D9933 /* ciw_Tests.swift in Sources */ = {isa = PBXBuildFile; fileRef = 91E304F82643F6D1004D9933 /* ciw_Tests.swift */; };
		91E304FD2643FB2D004D9933 /* NotImplementedOrDontExist_Tests.swift in Sources */ = {isa = PBXBuildFile; fileRef = 91E304FC2643FB2D004D9933 /* NotImplementedOrDontExist_Tests.swift */; };
/* End PBXBuildFile section */

/* Begin PBXContainerItemProxy section */
		9128F2C2262AA90D00625B42 /* PBXContainerItemProxy */ = {
			isa = PBXContainerItemProxy;
			containerPortal = 9128F2A4262AA90C00625B42 /* Project object */;
			proxyType = 1;
			remoteGlobalIDString = 9128F2AB262AA90C00625B42;
			remoteInfo = kindaVim;
		};
/* End PBXContainerItemProxy section */

/* Begin PBXFileReference section */
		91013741263DD2430037AB6E /* AccessibilityStrategy.swift */ = {isa = PBXFileReference; lastKnownFileType = sourcecode.swift; path = AccessibilityStrategy.swift; sourceTree = "<group>"; };
		91054E8A2644FE7D00CC0ACC /* KS_control_u_Tests.swift */ = {isa = PBXFileReference; lastKnownFileType = sourcecode.swift; path = KS_control_u_Tests.swift; sourceTree = "<group>"; };
		91054E8C264501F500CC0ACC /* control_u_Tests.swift */ = {isa = PBXFileReference; lastKnownFileType = sourcecode.swift; path = control_u_Tests.swift; sourceTree = "<group>"; };
		91054E8E2645079B00CC0ACC /* KS_control_d_Tests.swift */ = {isa = PBXFileReference; lastKnownFileType = sourcecode.swift; path = KS_control_d_Tests.swift; sourceTree = "<group>"; };
		91054E902645087A00CC0ACC /* control_d_Tests.swift */ = {isa = PBXFileReference; lastKnownFileType = sourcecode.swift; path = control_d_Tests.swift; sourceTree = "<group>"; };
		910B05C92642AECC005D287C /* FailingAccessibilityStrategyStub.swift */ = {isa = PBXFileReference; lastKnownFileType = sourcecode.swift; path = FailingAccessibilityStrategyStub.swift; sourceTree = "<group>"; };
		9118C4E6263F0CE50040C297 /* Display.swift */ = {isa = PBXFileReference; lastKnownFileType = sourcecode.swift; path = Display.swift; sourceTree = "<group>"; };
		911BB7482632899E006882D8 /* VimEngine.swift */ = {isa = PBXFileReference; lastKnownFileType = sourcecode.swift; path = VimEngine.swift; sourceTree = "<group>"; };
		911BB75526328D7D006882D8 /* EventTapController.swift */ = {isa = PBXFileReference; lastKnownFileType = sourcecode.swift; path = EventTapController.swift; sourceTree = "<group>"; };
		9128B0EC26380ACC007DC80B /* GlobalEventsControllerTests.swift */ = {isa = PBXFileReference; lastKnownFileType = sourcecode.swift; path = GlobalEventsControllerTests.swift; sourceTree = "<group>"; };
		9128F2AC262AA90C00625B42 /* kindaVim.app */ = {isa = PBXFileReference; explicitFileType = wrapper.application; includeInIndex = 0; path = kindaVim.app; sourceTree = BUILT_PRODUCTS_DIR; };
		9128F2AF262AA90C00625B42 /* AppDelegate.swift */ = {isa = PBXFileReference; lastKnownFileType = sourcecode.swift; path = AppDelegate.swift; sourceTree = "<group>"; };
		9128F2B1262AA90D00625B42 /* ContentView.swift */ = {isa = PBXFileReference; lastKnownFileType = sourcecode.swift; path = ContentView.swift; sourceTree = "<group>"; };
		9128F2B3262AA90D00625B42 /* Assets.xcassets */ = {isa = PBXFileReference; lastKnownFileType = folder.assetcatalog; path = Assets.xcassets; sourceTree = "<group>"; };
		9128F2B6262AA90D00625B42 /* Preview Assets.xcassets */ = {isa = PBXFileReference; lastKnownFileType = folder.assetcatalog; path = "Preview Assets.xcassets"; sourceTree = "<group>"; };
		9128F2B9262AA90D00625B42 /* Base */ = {isa = PBXFileReference; lastKnownFileType = file.storyboard; name = Base; path = Base.lproj/Main.storyboard; sourceTree = "<group>"; };
		9128F2BB262AA90D00625B42 /* Info.plist */ = {isa = PBXFileReference; lastKnownFileType = text.plist.xml; path = Info.plist; sourceTree = "<group>"; };
		9128F2BC262AA90D00625B42 /* kindaVim.entitlements */ = {isa = PBXFileReference; lastKnownFileType = text.plist.entitlements; path = kindaVim.entitlements; sourceTree = "<group>"; };
		9128F2C1262AA90D00625B42 /* kindaVimTests.xctest */ = {isa = PBXFileReference; explicitFileType = wrapper.cfbundle; includeInIndex = 0; path = kindaVimTests.xctest; sourceTree = BUILT_PRODUCTS_DIR; };
		9128F2C7262AA90D00625B42 /* Info.plist */ = {isa = PBXFileReference; lastKnownFileType = text.plist.xml; path = Info.plist; sourceTree = "<group>"; };
		912B92D326443A06007F44E1 /* KS_yy_Tests.swift */ = {isa = PBXFileReference; lastKnownFileType = sourcecode.swift; path = KS_yy_Tests.swift; sourceTree = "<group>"; };
		912B92D726443C8F007F44E1 /* yy_Tests.swift */ = {isa = PBXFileReference; lastKnownFileType = sourcecode.swift; path = yy_Tests.swift; sourceTree = "<group>"; };
		912B92DB26443FF8007F44E1 /* yiw_Tests.swift */ = {isa = PBXFileReference; lastKnownFileType = sourcecode.swift; path = yiw_Tests.swift; sourceTree = "<group>"; };
		912B92DF264443BD007F44E1 /* KS_yiw_Tests.swift */ = {isa = PBXFileReference; lastKnownFileType = sourcecode.swift; path = KS_yiw_Tests.swift; sourceTree = "<group>"; };
		9140E6DC264554320021C2FB /* KS_cgg_Tests.swift */ = {isa = PBXFileReference; lastKnownFileType = sourcecode.swift; path = KS_cgg_Tests.swift; sourceTree = "<group>"; };
		9140E6E0264555390021C2FB /* cgg_Tests.swift */ = {isa = PBXFileReference; lastKnownFileType = sourcecode.swift; path = cgg_Tests.swift; sourceTree = "<group>"; };
		9145AA82264543BF0056976B /* KS_cG_Tests.swift */ = {isa = PBXFileReference; lastKnownFileType = sourcecode.swift; path = KS_cG_Tests.swift; sourceTree = "<group>"; };
		9145AA84264545480056976B /* cG_Tests.swift */ = {isa = PBXFileReference; lastKnownFileType = sourcecode.swift; path = cG_Tests.swift; sourceTree = "<group>"; };
		91482E3F263DBE8300F10ADC /* KeyboardStrategy.swift */ = {isa = PBXFileReference; lastKnownFileType = sourcecode.swift; path = KeyboardStrategy.swift; sourceTree = "<group>"; };
		917458F0262EB934007D3855 /* StatusBarController.swift */ = {isa = PBXFileReference; lastKnownFileType = sourcecode.swift; path = StatusBarController.swift; sourceTree = "<group>"; };
		918024B826386E95004FD719 /* AppComponent.swift */ = {isa = PBXFileReference; lastKnownFileType = sourcecode.swift; path = AppComponent.swift; sourceTree = "<group>"; };
		9197C0842636695A006C696A /* KeyCombinationAdaptor.swift */ = {isa = PBXFileReference; lastKnownFileType = sourcecode.swift; path = KeyCombinationAdaptor.swift; sourceTree = "<group>"; };
		9197C08926366A3B006C696A /* KeyCombinationAdaptorTests.swift */ = {isa = PBXFileReference; lastKnownFileType = sourcecode.swift; path = KeyCombinationAdaptorTests.swift; sourceTree = "<group>"; };
		919DEB622632C85B0052D514 /* KeyCombination.swift */ = {isa = PBXFileReference; lastKnownFileType = sourcecode.swift; path = KeyCombination.swift; sourceTree = "<group>"; };
		91A54ED82643B34F00400677 /* KS_$_Tests.swift */ = {isa = PBXFileReference; lastKnownFileType = sourcecode.swift; path = KS_$_Tests.swift; sourceTree = "<group>"; };
		91A54EDA2643B3FF00400677 /* KS_a_Tests.swift */ = {isa = PBXFileReference; lastKnownFileType = sourcecode.swift; path = KS_a_Tests.swift; sourceTree = "<group>"; };
		91A54EDC2643B58500400677 /* KS_A__Tests.swift */ = {isa = PBXFileReference; lastKnownFileType = sourcecode.swift; path = KS_A__Tests.swift; sourceTree = "<group>"; };
		91A54EDE2643B60F00400677 /* KS_b_Tests.swift */ = {isa = PBXFileReference; lastKnownFileType = sourcecode.swift; path = KS_b_Tests.swift; sourceTree = "<group>"; };
		91A54EE02643B66800400677 /* KS_C__Tests.swift */ = {isa = PBXFileReference; lastKnownFileType = sourcecode.swift; path = KS_C__Tests.swift; sourceTree = "<group>"; };
		91A54EE22643B6B400400677 /* KS_cc_Tests.swift */ = {isa = PBXFileReference; lastKnownFileType = sourcecode.swift; path = KS_cc_Tests.swift; sourceTree = "<group>"; };
		91A54EE42643B6F400400677 /* KS_ciw_Tests.swift */ = {isa = PBXFileReference; lastKnownFileType = sourcecode.swift; path = KS_ciw_Tests.swift; sourceTree = "<group>"; };
		91A54EE62643B76F00400677 /* KS_dd_Tests.swift */ = {isa = PBXFileReference; lastKnownFileType = sourcecode.swift; path = KS_dd_Tests.swift; sourceTree = "<group>"; };
		91A54EE82643B7A800400677 /* KS_G__Tests.swift */ = {isa = PBXFileReference; lastKnownFileType = sourcecode.swift; path = KS_G__Tests.swift; sourceTree = "<group>"; };
		91A54EEA2643B7E600400677 /* KS_gg_Tests.swift */ = {isa = PBXFileReference; lastKnownFileType = sourcecode.swift; path = KS_gg_Tests.swift; sourceTree = "<group>"; };
		91A54EEC2643B84100400677 /* KS_h_Tests.swift */ = {isa = PBXFileReference; lastKnownFileType = sourcecode.swift; path = KS_h_Tests.swift; sourceTree = "<group>"; };
		91A54EEE2643B88400400677 /* KS_I__Tests.swift */ = {isa = PBXFileReference; lastKnownFileType = sourcecode.swift; path = KS_I__Tests.swift; sourceTree = "<group>"; };
		91A54EF02643B8BA00400677 /* KS_j_Tests.swift */ = {isa = PBXFileReference; lastKnownFileType = sourcecode.swift; path = KS_j_Tests.swift; sourceTree = "<group>"; };
		91A54EF22643B95500400677 /* KS_k_Tests.swift */ = {isa = PBXFileReference; lastKnownFileType = sourcecode.swift; path = KS_k_Tests.swift; sourceTree = "<group>"; };
		91A54EF42643B98700400677 /* KS_l_Tests.swift */ = {isa = PBXFileReference; lastKnownFileType = sourcecode.swift; path = KS_l_Tests.swift; sourceTree = "<group>"; };
		91A54EF62643B9F900400677 /* KS_o_Tests.swift */ = {isa = PBXFileReference; lastKnownFileType = sourcecode.swift; path = KS_o_Tests.swift; sourceTree = "<group>"; };
		91A54EF82643BA5A00400677 /* KS_O__Tests.swift */ = {isa = PBXFileReference; lastKnownFileType = sourcecode.swift; path = KS_O__Tests.swift; sourceTree = "<group>"; };
		91A54EFA2643BAB800400677 /* KS_control_r_Tests.swift */ = {isa = PBXFileReference; lastKnownFileType = sourcecode.swift; path = KS_control_r_Tests.swift; sourceTree = "<group>"; };
		91A54EFC2643BB2A00400677 /* KS_u_Tests.swift */ = {isa = PBXFileReference; lastKnownFileType = sourcecode.swift; path = KS_u_Tests.swift; sourceTree = "<group>"; };
		91A54EFE2643BB7000400677 /* KS_w_Tests.swift */ = {isa = PBXFileReference; lastKnownFileType = sourcecode.swift; path = KS_w_Tests.swift; sourceTree = "<group>"; };
		91A54F002643BBA100400677 /* KS_x_Tests.swift */ = {isa = PBXFileReference; lastKnownFileType = sourcecode.swift; path = KS_x_Tests.swift; sourceTree = "<group>"; };
		91A54F022643BBC900400677 /* KS_X__Tests.swift */ = {isa = PBXFileReference; lastKnownFileType = sourcecode.swift; path = KS_X__Tests.swift; sourceTree = "<group>"; };
		91A54F042643BC3F00400677 /* KS___Tests.swift */ = {isa = PBXFileReference; lastKnownFileType = sourcecode.swift; path = "KS___Tests.swift"; sourceTree = "<group>"; };
		91A54F062643BC7B00400677 /* KS_0_Tests.swift */ = {isa = PBXFileReference; lastKnownFileType = sourcecode.swift; path = KS_0_Tests.swift; sourceTree = "<group>"; };
		91A54F082643BCD400400677 /* AS_h_Tests.swift */ = {isa = PBXFileReference; lastKnownFileType = sourcecode.swift; path = AS_h_Tests.swift; sourceTree = "<group>"; };
		91A54F0A2643BD2000400677 /* AS_l_Tests.swift */ = {isa = PBXFileReference; lastKnownFileType = sourcecode.swift; path = AS_l_Tests.swift; sourceTree = "<group>"; };
		91BC934126352A1E00B62B18 /* GlobalEventsController.swift */ = {isa = PBXFileReference; lastKnownFileType = sourcecode.swift; path = GlobalEventsController.swift; sourceTree = "<group>"; };
		91BFF31A26403F95003B7A2A /* KeyCombinationTests.swift */ = {isa = PBXFileReference; lastKnownFileType = sourcecode.swift; path = KeyCombinationTests.swift; sourceTree = "<group>"; };
		91C486042641C0D30003D9D7 /* KeyboardStrategyMock.swift */ = {isa = PBXFileReference; lastKnownFileType = sourcecode.swift; path = KeyboardStrategyMock.swift; sourceTree = "<group>"; };
		91E304BC2643E77A004D9933 /* a_Tests.swift */ = {isa = PBXFileReference; lastKnownFileType = sourcecode.swift; path = a_Tests.swift; sourceTree = "<group>"; };
		91E304BE2643E843004D9933 /* KS_BaseTests.swift */ = {isa = PBXFileReference; lastKnownFileType = sourcecode.swift; path = KS_BaseTests.swift; sourceTree = "<group>"; };
		91E304C02643EAD9004D9933 /* AS_BaseTests.swift */ = {isa = PBXFileReference; lastKnownFileType = sourcecode.swift; path = AS_BaseTests.swift; sourceTree = "<group>"; };
		91E304C22643EC48004D9933 /* BaseTests.swift */ = {isa = PBXFileReference; lastKnownFileType = sourcecode.swift; path = BaseTests.swift; sourceTree = "<group>"; };
		91E304C42643ED2E004D9933 /* b_Tests.swift */ = {isa = PBXFileReference; lastKnownFileType = sourcecode.swift; path = b_Tests.swift; sourceTree = "<group>"; };
		91E304C62643EEB8004D9933 /* A__Tests.swift */ = {isa = PBXFileReference; lastKnownFileType = sourcecode.swift; path = A__Tests.swift; sourceTree = "<group>"; };
		91E304C82643EF1C004D9933 /* c_Tests.swift */ = {isa = PBXFileReference; lastKnownFileType = sourcecode.swift; path = c_Tests.swift; sourceTree = "<group>"; };
		91E304CA2643EF64004D9933 /* d_Tests.swift */ = {isa = PBXFileReference; lastKnownFileType = sourcecode.swift; path = d_Tests.swift; sourceTree = "<group>"; };
		91E304CC2643EFA1004D9933 /* cc_Tests.swift */ = {isa = PBXFileReference; lastKnownFileType = sourcecode.swift; path = cc_Tests.swift; sourceTree = "<group>"; };
		91E304CE2643EFFD004D9933 /* C__Tests.swift */ = {isa = PBXFileReference; lastKnownFileType = sourcecode.swift; path = C__Tests.swift; sourceTree = "<group>"; };
		91E304D02643F05C004D9933 /* dd_Tests.swift */ = {isa = PBXFileReference; lastKnownFileType = sourcecode.swift; path = dd_Tests.swift; sourceTree = "<group>"; };
		91E304D22643F0C3004D9933 /* g_Tests.swift */ = {isa = PBXFileReference; lastKnownFileType = sourcecode.swift; path = g_Tests.swift; sourceTree = "<group>"; };
		91E304D42643F133004D9933 /* G__Tests.swift */ = {isa = PBXFileReference; lastKnownFileType = sourcecode.swift; path = G__Tests.swift; sourceTree = "<group>"; };
		91E304D62643F195004D9933 /* gg_Tests.swift */ = {isa = PBXFileReference; lastKnownFileType = sourcecode.swift; path = gg_Tests.swift; sourceTree = "<group>"; };
		91E304D82643F1EF004D9933 /* h_Tests.swift */ = {isa = PBXFileReference; lastKnownFileType = sourcecode.swift; path = h_Tests.swift; sourceTree = "<group>"; };
		91E304DA2643F22A004D9933 /* i_Tests.swift */ = {isa = PBXFileReference; lastKnownFileType = sourcecode.swift; path = i_Tests.swift; sourceTree = "<group>"; };
		91E304DC2643F24E004D9933 /* I__Tests.swift */ = {isa = PBXFileReference; lastKnownFileType = sourcecode.swift; path = I__Tests.swift; sourceTree = "<group>"; };
		91E304DE2643F2C0004D9933 /* l_Tests.swift */ = {isa = PBXFileReference; lastKnownFileType = sourcecode.swift; path = l_Tests.swift; sourceTree = "<group>"; };
		91E304E02643F2F8004D9933 /* j_Tests.swift */ = {isa = PBXFileReference; lastKnownFileType = sourcecode.swift; path = j_Tests.swift; sourceTree = "<group>"; };
		91E304E22643F335004D9933 /* k_Tests.swift */ = {isa = PBXFileReference; lastKnownFileType = sourcecode.swift; path = k_Tests.swift; sourceTree = "<group>"; };
		91E304E42643F3AC004D9933 /* o_Tests.swift */ = {isa = PBXFileReference; lastKnownFileType = sourcecode.swift; path = o_Tests.swift; sourceTree = "<group>"; };
		91E304E62643F3ED004D9933 /* O__Tests.swift */ = {isa = PBXFileReference; lastKnownFileType = sourcecode.swift; path = O__Tests.swift; sourceTree = "<group>"; };
		91E304E82643F421004D9933 /* control_r_Tests.swift */ = {isa = PBXFileReference; lastKnownFileType = sourcecode.swift; path = control_r_Tests.swift; sourceTree = "<group>"; };
		91E304EA2643F483004D9933 /* u_Tests.swift */ = {isa = PBXFileReference; lastKnownFileType = sourcecode.swift; path = u_Tests.swift; sourceTree = "<group>"; };
		91E304EC2643F4B8004D9933 /* w_Tests.swift */ = {isa = PBXFileReference; lastKnownFileType = sourcecode.swift; path = w_Tests.swift; sourceTree = "<group>"; };
		91E304EE2643F4ED004D9933 /* x_Tests.swift */ = {isa = PBXFileReference; lastKnownFileType = sourcecode.swift; path = x_Tests.swift; sourceTree = "<group>"; };
		91E304F02643F528004D9933 /* X__Tests.swift */ = {isa = PBXFileReference; lastKnownFileType = sourcecode.swift; path = X__Tests.swift; sourceTree = "<group>"; };
		91E304F22643F574004D9933 /* $_Tests.swift */ = {isa = PBXFileReference; lastKnownFileType = sourcecode.swift; path = $_Tests.swift; sourceTree = "<group>"; };
		91E304F42643F5B0004D9933 /* __Tests.swift */ = {isa = PBXFileReference; lastKnownFileType = sourcecode.swift; path = __Tests.swift; sourceTree = "<group>"; };
		91E304F62643F5F2004D9933 /* 0_Tests.swift */ = {isa = PBXFileReference; lastKnownFileType = sourcecode.swift; path = 0_Tests.swift; sourceTree = "<group>"; };
		91E304F82643F6D1004D9933 /* ciw_Tests.swift */ = {isa = PBXFileReference; lastKnownFileType = sourcecode.swift; path = ciw_Tests.swift; sourceTree = "<group>"; };
		91E304FC2643FB2D004D9933 /* NotImplementedOrDontExist_Tests.swift */ = {isa = PBXFileReference; lastKnownFileType = sourcecode.swift; path = NotImplementedOrDontExist_Tests.swift; sourceTree = "<group>"; };
/* End PBXFileReference section */

/* Begin PBXFrameworksBuildPhase section */
		9128F2A9262AA90C00625B42 /* Frameworks */ = {
			isa = PBXFrameworksBuildPhase;
			buildActionMask = 2147483647;
			files = (
			);
			runOnlyForDeploymentPostprocessing = 0;
		};
		9128F2BE262AA90D00625B42 /* Frameworks */ = {
			isa = PBXFrameworksBuildPhase;
			buildActionMask = 2147483647;
			files = (
			);
			runOnlyForDeploymentPostprocessing = 0;
		};
/* End PBXFrameworksBuildPhase section */

/* Begin PBXGroup section */
		9115315D263860F80048F8F8 /* Unit */ = {
			isa = PBXGroup;
			children = (
				9128B0EB26380AB0007DC80B /* Events */,
				912687242640634D002E3FB0 /* KeyCombination */,
				91482E41263DBF3100F10ADC /* Strategies */,
				9128B0F2263820C5007DC80B /* VimEngine */,
			);
			path = Unit;
			sourceTree = "<group>";
		};
		9118C4E5263F0CDA0040C297 /* Display */ = {
			isa = PBXGroup;
			children = (
				9118C4E6263F0CE50040C297 /* Display.swift */,
			);
			path = Display;
			sourceTree = "<group>";
		};
		911BB75A26329513006882D8 /* StatusBar */ = {
			isa = PBXGroup;
			children = (
				917458F0262EB934007D3855 /* StatusBarController.swift */,
			);
			path = StatusBar;
			sourceTree = "<group>";
		};
		911BB75B26329526006882D8 /* Events */ = {
			isa = PBXGroup;
			children = (
				91BC934126352A1E00B62B18 /* GlobalEventsController.swift */,
				911BB75526328D7D006882D8 /* EventTapController.swift */,
			);
			path = Events;
			sourceTree = "<group>";
		};
		9126872326406335002E3FB0 /* KeyCombination */ = {
			isa = PBXGroup;
			children = (
				919DEB622632C85B0052D514 /* KeyCombination.swift */,
				9197C0842636695A006C696A /* KeyCombinationAdaptor.swift */,
			);
			path = KeyCombination;
			sourceTree = "<group>";
		};
		912687242640634D002E3FB0 /* KeyCombination */ = {
			isa = PBXGroup;
			children = (
				91BFF31A26403F95003B7A2A /* KeyCombinationTests.swift */,
				9197C08926366A3B006C696A /* KeyCombinationAdaptorTests.swift */,
			);
			path = KeyCombination;
			sourceTree = "<group>";
		};
		9128B0EB26380AB0007DC80B /* Events */ = {
			isa = PBXGroup;
			children = (
				9128B0EC26380ACC007DC80B /* GlobalEventsControllerTests.swift */,
			);
			path = Events;
			sourceTree = "<group>";
		};
		9128B0F2263820C5007DC80B /* VimEngine */ = {
			isa = PBXGroup;
			children = (
				91E304C22643EC48004D9933 /* BaseTests.swift */,
				91E304BC2643E77A004D9933 /* a_Tests.swift */,
				91E304C62643EEB8004D9933 /* A__Tests.swift */,
				91E304C42643ED2E004D9933 /* b_Tests.swift */,
				91E304C82643EF1C004D9933 /* c_Tests.swift */,
				91E304CE2643EFFD004D9933 /* C__Tests.swift */,
				91E304CC2643EFA1004D9933 /* cc_Tests.swift */,
				9140E6E0264555390021C2FB /* cgg_Tests.swift */,
				9145AA84264545480056976B /* cG_Tests.swift */,
				91E304F82643F6D1004D9933 /* ciw_Tests.swift */,
				91E304CA2643EF64004D9933 /* d_Tests.swift */,
				91054E902645087A00CC0ACC /* control_d_Tests.swift */,
				91E304D02643F05C004D9933 /* dd_Tests.swift */,
				91E304D22643F0C3004D9933 /* g_Tests.swift */,
				91E304D42643F133004D9933 /* G__Tests.swift */,
				91E304D62643F195004D9933 /* gg_Tests.swift */,
				91E304D82643F1EF004D9933 /* h_Tests.swift */,
				91E304DA2643F22A004D9933 /* i_Tests.swift */,
				91E304DC2643F24E004D9933 /* I__Tests.swift */,
				91E304E02643F2F8004D9933 /* j_Tests.swift */,
				91E304E22643F335004D9933 /* k_Tests.swift */,
				91E304DE2643F2C0004D9933 /* l_Tests.swift */,
				91E304E42643F3AC004D9933 /* o_Tests.swift */,
				91E304E62643F3ED004D9933 /* O__Tests.swift */,
				91E304E82643F421004D9933 /* control_r_Tests.swift */,
				91E304EA2643F483004D9933 /* u_Tests.swift */,
				91054E8C264501F500CC0ACC /* control_u_Tests.swift */,
				91E304EC2643F4B8004D9933 /* w_Tests.swift */,
				91E304EE2643F4ED004D9933 /* x_Tests.swift */,
				91E304F02643F528004D9933 /* X__Tests.swift */,
				912B92D726443C8F007F44E1 /* yy_Tests.swift */,
				912B92DB26443FF8007F44E1 /* yiw_Tests.swift */,
				91E304F22643F574004D9933 /* $_Tests.swift */,
				91E304F42643F5B0004D9933 /* __Tests.swift */,
				91E304F62643F5F2004D9933 /* 0_Tests.swift */,
				91E304FC2643FB2D004D9933 /* NotImplementedOrDontExist_Tests.swift */,
			);
			path = VimEngine;
			sourceTree = "<group>";
		};
		9128F2A3262AA90C00625B42 = {
			isa = PBXGroup;
			children = (
				9128F2AE262AA90C00625B42 /* kindaVim */,
				9128F2C4262AA90D00625B42 /* kindaVimTests */,
				9128F2AD262AA90C00625B42 /* Products */,
			);
			sourceTree = "<group>";
		};
		9128F2AD262AA90C00625B42 /* Products */ = {
			isa = PBXGroup;
			children = (
				9128F2AC262AA90C00625B42 /* kindaVim.app */,
				9128F2C1262AA90D00625B42 /* kindaVimTests.xctest */,
			);
			name = Products;
			sourceTree = "<group>";
		};
		9128F2AE262AA90C00625B42 /* kindaVim */ = {
			isa = PBXGroup;
			children = (
				911BB75A26329513006882D8 /* StatusBar */,
				9118C4E5263F0CDA0040C297 /* Display */,
				911BB75B26329526006882D8 /* Events */,
				9126872326406335002E3FB0 /* KeyCombination */,
				91482E3E263DBE7700F10ADC /* Strategies */,
				919DEB612632C8320052D514 /* VimEngine */,
				9128F2AF262AA90C00625B42 /* AppDelegate.swift */,
				918024B826386E95004FD719 /* AppComponent.swift */,
				9128F2B1262AA90D00625B42 /* ContentView.swift */,
				9128F2B3262AA90D00625B42 /* Assets.xcassets */,
				9128F2B8262AA90D00625B42 /* Main.storyboard */,
				9128F2BB262AA90D00625B42 /* Info.plist */,
				9128F2BC262AA90D00625B42 /* kindaVim.entitlements */,
				9128F2B5262AA90D00625B42 /* Preview Content */,
			);
			path = kindaVim;
			sourceTree = "<group>";
		};
		9128F2B5262AA90D00625B42 /* Preview Content */ = {
			isa = PBXGroup;
			children = (
				9128F2B6262AA90D00625B42 /* Preview Assets.xcassets */,
			);
			path = "Preview Content";
			sourceTree = "<group>";
		};
		9128F2C4262AA90D00625B42 /* kindaVimTests */ = {
			isa = PBXGroup;
			children = (
				91C486032641C0AA0003D9D7 /* Helpers */,
				9115315D263860F80048F8F8 /* Unit */,
				9128F2C7262AA90D00625B42 /* Info.plist */,
			);
			path = kindaVimTests;
			sourceTree = "<group>";
		};
		91482E3E263DBE7700F10ADC /* Strategies */ = {
			isa = PBXGroup;
			children = (
				91482E3F263DBE8300F10ADC /* KeyboardStrategy.swift */,
				91013741263DD2430037AB6E /* AccessibilityStrategy.swift */,
			);
			path = Strategies;
			sourceTree = "<group>";
		};
		91482E41263DBF3100F10ADC /* Strategies */ = {
			isa = PBXGroup;
			children = (
				91506D23263EF0AF008E20A3 /* AccessibilityStrategy */,
				91482E47263DC10600F10ADC /* KeyboardStrategy */,
			);
			path = Strategies;
			sourceTree = "<group>";
		};
		91482E47263DC10600F10ADC /* KeyboardStrategy */ = {
			isa = PBXGroup;
			children = (
				91E304BE2643E843004D9933 /* KS_BaseTests.swift */,
				91A54EDA2643B3FF00400677 /* KS_a_Tests.swift */,
				91A54EDC2643B58500400677 /* KS_A__Tests.swift */,
				91A54EDE2643B60F00400677 /* KS_b_Tests.swift */,
				91A54EE02643B66800400677 /* KS_C__Tests.swift */,
				91A54EE22643B6B400400677 /* KS_cc_Tests.swift */,
				9140E6DC264554320021C2FB /* KS_cgg_Tests.swift */,
				9145AA82264543BF0056976B /* KS_cG_Tests.swift */,
				91A54EE42643B6F400400677 /* KS_ciw_Tests.swift */,
				91054E8E2645079B00CC0ACC /* KS_control_d_Tests.swift */,
				91A54EE62643B76F00400677 /* KS_dd_Tests.swift */,
				91A54EE82643B7A800400677 /* KS_G__Tests.swift */,
				91A54EEA2643B7E600400677 /* KS_gg_Tests.swift */,
				91A54EEC2643B84100400677 /* KS_h_Tests.swift */,
				91A54EEE2643B88400400677 /* KS_I__Tests.swift */,
				91A54EF02643B8BA00400677 /* KS_j_Tests.swift */,
				91A54EF22643B95500400677 /* KS_k_Tests.swift */,
				91A54EF42643B98700400677 /* KS_l_Tests.swift */,
				91A54EF62643B9F900400677 /* KS_o_Tests.swift */,
				91A54EF82643BA5A00400677 /* KS_O__Tests.swift */,
				91A54EFA2643BAB800400677 /* KS_control_r_Tests.swift */,
				91A54EFC2643BB2A00400677 /* KS_u_Tests.swift */,
				91054E8A2644FE7D00CC0ACC /* KS_control_u_Tests.swift */,
				91A54EFE2643BB7000400677 /* KS_w_Tests.swift */,
				91A54F002643BBA100400677 /* KS_x_Tests.swift */,
				91A54F022643BBC900400677 /* KS_X__Tests.swift */,
				912B92D326443A06007F44E1 /* KS_yy_Tests.swift */,
				912B92DF264443BD007F44E1 /* KS_yiw_Tests.swift */,
				91A54ED82643B34F00400677 /* KS_$_Tests.swift */,
				91A54F042643BC3F00400677 /* KS___Tests.swift */,
				91A54F062643BC7B00400677 /* KS_0_Tests.swift */,
			);
			path = KeyboardStrategy;
			sourceTree = "<group>";
		};
		91506D23263EF0AF008E20A3 /* AccessibilityStrategy */ = {
			isa = PBXGroup;
			children = (
				91E304C02643EAD9004D9933 /* AS_BaseTests.swift */,
				91A54F082643BCD400400677 /* AS_h_Tests.swift */,
				91A54F0A2643BD2000400677 /* AS_l_Tests.swift */,
			);
			path = AccessibilityStrategy;
			sourceTree = "<group>";
		};
		919DEB612632C8320052D514 /* VimEngine */ = {
			isa = PBXGroup;
			children = (
				911BB7482632899E006882D8 /* VimEngine.swift */,
			);
			path = VimEngine;
			sourceTree = "<group>";
		};
		91C486032641C0AA0003D9D7 /* Helpers */ = {
			isa = PBXGroup;
			children = (
				91C486042641C0D30003D9D7 /* KeyboardStrategyMock.swift */,
				910B05C92642AECC005D287C /* FailingAccessibilityStrategyStub.swift */,
			);
			path = Helpers;
			sourceTree = "<group>";
		};
/* End PBXGroup section */

/* Begin PBXNativeTarget section */
		9128F2AB262AA90C00625B42 /* kindaVim */ = {
			isa = PBXNativeTarget;
			buildConfigurationList = 9128F2D5262AA90D00625B42 /* Build configuration list for PBXNativeTarget "kindaVim" */;
			buildPhases = (
				9128F2A8262AA90C00625B42 /* Sources */,
				9128F2A9262AA90C00625B42 /* Frameworks */,
				9128F2AA262AA90C00625B42 /* Resources */,
			);
			buildRules = (
			);
			dependencies = (
			);
			name = kindaVim;
			productName = kindaVim;
			productReference = 9128F2AC262AA90C00625B42 /* kindaVim.app */;
			productType = "com.apple.product-type.application";
		};
		9128F2C0262AA90D00625B42 /* kindaVimTests */ = {
			isa = PBXNativeTarget;
			buildConfigurationList = 9128F2D8262AA90D00625B42 /* Build configuration list for PBXNativeTarget "kindaVimTests" */;
			buildPhases = (
				9128F2BD262AA90D00625B42 /* Sources */,
				9128F2BE262AA90D00625B42 /* Frameworks */,
				9128F2BF262AA90D00625B42 /* Resources */,
			);
			buildRules = (
			);
			dependencies = (
				9128F2C3262AA90D00625B42 /* PBXTargetDependency */,
			);
			name = kindaVimTests;
			productName = kindaVimTests;
			productReference = 9128F2C1262AA90D00625B42 /* kindaVimTests.xctest */;
			productType = "com.apple.product-type.bundle.unit-test";
		};
/* End PBXNativeTarget section */

/* Begin PBXProject section */
		9128F2A4262AA90C00625B42 /* Project object */ = {
			isa = PBXProject;
			attributes = {
				LastSwiftUpdateCheck = 1240;
				LastUpgradeCheck = 1250;
				TargetAttributes = {
					9128F2AB262AA90C00625B42 = {
						CreatedOnToolsVersion = 12.4;
					};
					9128F2C0262AA90D00625B42 = {
						CreatedOnToolsVersion = 12.4;
						TestTargetID = 9128F2AB262AA90C00625B42;
					};
				};
			};
			buildConfigurationList = 9128F2A7262AA90C00625B42 /* Build configuration list for PBXProject "kindaVim" */;
			compatibilityVersion = "Xcode 9.3";
			developmentRegion = en;
			hasScannedForEncodings = 0;
			knownRegions = (
				en,
				Base,
			);
			mainGroup = 9128F2A3262AA90C00625B42;
			productRefGroup = 9128F2AD262AA90C00625B42 /* Products */;
			projectDirPath = "";
			projectRoot = "";
			targets = (
				9128F2AB262AA90C00625B42 /* kindaVim */,
				9128F2C0262AA90D00625B42 /* kindaVimTests */,
			);
		};
/* End PBXProject section */

/* Begin PBXResourcesBuildPhase section */
		9128F2AA262AA90C00625B42 /* Resources */ = {
			isa = PBXResourcesBuildPhase;
			buildActionMask = 2147483647;
			files = (
				9128F2BA262AA90D00625B42 /* Main.storyboard in Resources */,
				9128F2B7262AA90D00625B42 /* Preview Assets.xcassets in Resources */,
				9128F2B4262AA90D00625B42 /* Assets.xcassets in Resources */,
			);
			runOnlyForDeploymentPostprocessing = 0;
		};
		9128F2BF262AA90D00625B42 /* Resources */ = {
			isa = PBXResourcesBuildPhase;
			buildActionMask = 2147483647;
			files = (
			);
			runOnlyForDeploymentPostprocessing = 0;
		};
/* End PBXResourcesBuildPhase section */

/* Begin PBXSourcesBuildPhase section */
		9128F2A8262AA90C00625B42 /* Sources */ = {
			isa = PBXSourcesBuildPhase;
			buildActionMask = 2147483647;
			files = (
				9128F2B2262AA90D00625B42 /* ContentView.swift in Sources */,
				91BC934226352A1E00B62B18 /* GlobalEventsController.swift in Sources */,
				917458F1262EB934007D3855 /* StatusBarController.swift in Sources */,
				9197C0852636695A006C696A /* KeyCombinationAdaptor.swift in Sources */,
				911BB7492632899E006882D8 /* VimEngine.swift in Sources */,
				918024B926386E95004FD719 /* AppComponent.swift in Sources */,
				9128F2B0262AA90C00625B42 /* AppDelegate.swift in Sources */,
				911BB75626328D7D006882D8 /* EventTapController.swift in Sources */,
				91013742263DD2430037AB6E /* AccessibilityStrategy.swift in Sources */,
				9118C4E7263F0CE50040C297 /* Display.swift in Sources */,
				919DEB632632C85B0052D514 /* KeyCombination.swift in Sources */,
				91482E40263DBE8300F10ADC /* KeyboardStrategy.swift in Sources */,
			);
			runOnlyForDeploymentPostprocessing = 0;
		};
		9128F2BD262AA90D00625B42 /* Sources */ = {
			isa = PBXSourcesBuildPhase;
			buildActionMask = 2147483647;
			files = (
				91A54ED92643B34F00400677 /* KS_$_Tests.swift in Sources */,
				91A54EEF2643B88400400677 /* KS_I__Tests.swift in Sources */,
				91A54F092643BCD400400677 /* AS_h_Tests.swift in Sources */,
				91E304E32643F335004D9933 /* k_Tests.swift in Sources */,
				91A54EF72643B9F900400677 /* KS_o_Tests.swift in Sources */,
				9145AA83264543BF0056976B /* KS_cG_Tests.swift in Sources */,
				91E304E72643F3ED004D9933 /* O__Tests.swift in Sources */,
				91E304EF2643F4ED004D9933 /* x_Tests.swift in Sources */,
				9197C08A26366A3B006C696A /* KeyCombinationAdaptorTests.swift in Sources */,
				91A54F072643BC7B00400677 /* KS_0_Tests.swift in Sources */,
				912B92DC26443FF8007F44E1 /* yiw_Tests.swift in Sources */,
				91A54EE92643B7A800400677 /* KS_G__Tests.swift in Sources */,
				912B92E0264443BD007F44E1 /* KS_yiw_Tests.swift in Sources */,
				91E304F72643F5F2004D9933 /* 0_Tests.swift in Sources */,
				91E304D72643F195004D9933 /* gg_Tests.swift in Sources */,
				910B05CA2642AECC005D287C /* FailingAccessibilityStrategyStub.swift in Sources */,
				912B92D426443A06007F44E1 /* KS_yy_Tests.swift in Sources */,
				91A54EE12643B66800400677 /* KS_C__Tests.swift in Sources */,
				91A54EF92643BA5A00400677 /* KS_O__Tests.swift in Sources */,
				912B92D826443C8F007F44E1 /* yy_Tests.swift in Sources */,
				91E304DD2643F24E004D9933 /* I__Tests.swift in Sources */,
				91054E8F2645079B00CC0ACC /* KS_control_d_Tests.swift in Sources */,
				9140E6E1264555390021C2FB /* cgg_Tests.swift in Sources */,
				91A54EF52643B98700400677 /* KS_l_Tests.swift in Sources */,
				91E304F12643F528004D9933 /* X__Tests.swift in Sources */,
				91BFF31B26403F95003B7A2A /* KeyCombinationTests.swift in Sources */,
				91E304E52643F3AC004D9933 /* o_Tests.swift in Sources */,
				91A54EFD2643BB2A00400677 /* KS_u_Tests.swift in Sources */,
				91A54EFF2643BB7000400677 /* KS_w_Tests.swift in Sources */,
				9145AA85264545480056976B /* cG_Tests.swift in Sources */,
				91E304F52643F5B0004D9933 /* __Tests.swift in Sources */,
				91A54EF12643B8BA00400677 /* KS_j_Tests.swift in Sources */,
				91E304D92643F1EF004D9933 /* h_Tests.swift in Sources */,
				91E304E12643F2F8004D9933 /* j_Tests.swift in Sources */,
				91E304D52643F133004D9933 /* G__Tests.swift in Sources */,
				91054E8B2644FE7D00CC0ACC /* KS_control_u_Tests.swift in Sources */,
				91A54EDB2643B3FF00400677 /* KS_a_Tests.swift in Sources */,
				91A54F0B2643BD2000400677 /* AS_l_Tests.swift in Sources */,
				91E304F92643F6D1004D9933 /* ciw_Tests.swift in Sources */,
				91054E8D264501F500CC0ACC /* control_u_Tests.swift in Sources */,
				91E304ED2643F4B8004D9933 /* w_Tests.swift in Sources */,
				91A54EDF2643B60F00400677 /* KS_b_Tests.swift in Sources */,
				91E304E92643F421004D9933 /* control_r_Tests.swift in Sources */,
				91A54F032643BBC900400677 /* KS_X__Tests.swift in Sources */,
				91E304C32643EC48004D9933 /* BaseTests.swift in Sources */,
				91A54EE52643B6F400400677 /* KS_ciw_Tests.swift in Sources */,
				91A54EDD2643B58500400677 /* KS_A__Tests.swift in Sources */,
				91A54EF32643B95500400677 /* KS_k_Tests.swift in Sources */,
				91E304EB2643F483004D9933 /* u_Tests.swift in Sources */,
				91E304C12643EAD9004D9933 /* AS_BaseTests.swift in Sources */,
				91E304C92643EF1C004D9933 /* c_Tests.swift in Sources */,
				91A54EFB2643BAB800400677 /* KS_control_r_Tests.swift in Sources */,
				91E304CF2643EFFD004D9933 /* C__Tests.swift in Sources */,
				91A54EED2643B84100400677 /* KS_h_Tests.swift in Sources */,
				91E304CD2643EFA1004D9933 /* cc_Tests.swift in Sources */,
				91E304D12643F05C004D9933 /* dd_Tests.swift in Sources */,
				91A54EE32643B6B400400677 /* KS_cc_Tests.swift in Sources */,
				9128B0ED26380ACC007DC80B /* GlobalEventsControllerTests.swift in Sources */,
				91C486052641C0D30003D9D7 /* KeyboardStrategyMock.swift in Sources */,
				91E304BD2643E77A004D9933 /* a_Tests.swift in Sources */,
				91A54EEB2643B7E600400677 /* KS_gg_Tests.swift in Sources */,
				91E304F32643F574004D9933 /* $_Tests.swift in Sources */,
				91054E912645087A00CC0ACC /* control_d_Tests.swift in Sources */,
				91A54F012643BBA100400677 /* KS_x_Tests.swift in Sources */,
				91E304DB2643F22A004D9933 /* i_Tests.swift in Sources */,
				91E304D32643F0C3004D9933 /* g_Tests.swift in Sources */,
				91E304C72643EEB8004D9933 /* A__Tests.swift in Sources */,
				91E304DF2643F2C0004D9933 /* l_Tests.swift in Sources */,
				91E304BF2643E843004D9933 /* KS_BaseTests.swift in Sources */,
				91A54F052643BC3F00400677 /* KS___Tests.swift in Sources */,
				91E304C52643ED2E004D9933 /* b_Tests.swift in Sources */,
				91E304CB2643EF64004D9933 /* d_Tests.swift in Sources */,
				9140E6DD264554320021C2FB /* KS_cgg_Tests.swift in Sources */,
				91E304FD2643FB2D004D9933 /* NotImplementedOrDontExist_Tests.swift in Sources */,
				91A54EE72643B76F00400677 /* KS_dd_Tests.swift in Sources */,
			);
			runOnlyForDeploymentPostprocessing = 0;
		};
/* End PBXSourcesBuildPhase section */

/* Begin PBXTargetDependency section */
		9128F2C3262AA90D00625B42 /* PBXTargetDependency */ = {
			isa = PBXTargetDependency;
			target = 9128F2AB262AA90C00625B42 /* kindaVim */;
			targetProxy = 9128F2C2262AA90D00625B42 /* PBXContainerItemProxy */;
		};
/* End PBXTargetDependency section */

/* Begin PBXVariantGroup section */
		9128F2B8262AA90D00625B42 /* Main.storyboard */ = {
			isa = PBXVariantGroup;
			children = (
				9128F2B9262AA90D00625B42 /* Base */,
			);
			name = Main.storyboard;
			sourceTree = "<group>";
		};
/* End PBXVariantGroup section */

/* Begin XCBuildConfiguration section */
		910669B2263AA71900583455 /* Testing */ = {
			isa = XCBuildConfiguration;
			buildSettings = {
				ALWAYS_SEARCH_USER_PATHS = NO;
				CLANG_ANALYZER_NONNULL = YES;
				CLANG_ANALYZER_NUMBER_OBJECT_CONVERSION = YES_AGGRESSIVE;
				CLANG_CXX_LANGUAGE_STANDARD = "gnu++14";
				CLANG_CXX_LIBRARY = "libc++";
				CLANG_ENABLE_MODULES = YES;
				CLANG_ENABLE_OBJC_ARC = YES;
				CLANG_ENABLE_OBJC_WEAK = YES;
				CLANG_WARN_BLOCK_CAPTURE_AUTORELEASING = YES;
				CLANG_WARN_BOOL_CONVERSION = YES;
				CLANG_WARN_COMMA = YES;
				CLANG_WARN_CONSTANT_CONVERSION = YES;
				CLANG_WARN_DEPRECATED_OBJC_IMPLEMENTATIONS = YES;
				CLANG_WARN_DIRECT_OBJC_ISA_USAGE = YES_ERROR;
				CLANG_WARN_DOCUMENTATION_COMMENTS = YES;
				CLANG_WARN_EMPTY_BODY = YES;
				CLANG_WARN_ENUM_CONVERSION = YES;
				CLANG_WARN_INFINITE_RECURSION = YES;
				CLANG_WARN_INT_CONVERSION = YES;
				CLANG_WARN_NON_LITERAL_NULL_CONVERSION = YES;
				CLANG_WARN_OBJC_IMPLICIT_RETAIN_SELF = YES;
				CLANG_WARN_OBJC_LITERAL_CONVERSION = YES;
				CLANG_WARN_OBJC_ROOT_CLASS = YES_ERROR;
				CLANG_WARN_QUOTED_INCLUDE_IN_FRAMEWORK_HEADER = YES;
				CLANG_WARN_RANGE_LOOP_ANALYSIS = YES;
				CLANG_WARN_STRICT_PROTOTYPES = YES;
				CLANG_WARN_SUSPICIOUS_MOVE = YES;
				CLANG_WARN_UNGUARDED_AVAILABILITY = YES_AGGRESSIVE;
				CLANG_WARN_UNREACHABLE_CODE = YES;
				CLANG_WARN__DUPLICATE_METHOD_MATCH = YES;
				COPY_PHASE_STRIP = NO;
				DEBUG_INFORMATION_FORMAT = dwarf;
				ENABLE_STRICT_OBJC_MSGSEND = YES;
				ENABLE_TESTABILITY = YES;
				GCC_C_LANGUAGE_STANDARD = gnu11;
				GCC_DYNAMIC_NO_PIC = NO;
				GCC_NO_COMMON_BLOCKS = YES;
				GCC_OPTIMIZATION_LEVEL = 0;
				GCC_PREPROCESSOR_DEFINITIONS = (
					"DEBUG=1",
					"$(inherited)",
				);
				GCC_WARN_64_TO_32_BIT_CONVERSION = YES;
				GCC_WARN_ABOUT_RETURN_TYPE = YES_ERROR;
				GCC_WARN_UNDECLARED_SELECTOR = YES;
				GCC_WARN_UNINITIALIZED_AUTOS = YES_AGGRESSIVE;
				GCC_WARN_UNUSED_FUNCTION = YES;
				GCC_WARN_UNUSED_VARIABLE = YES;
				MACOSX_DEPLOYMENT_TARGET = 10.15;
				MTL_ENABLE_DEBUG_INFO = INCLUDE_SOURCE;
				MTL_FAST_MATH = YES;
				ONLY_ACTIVE_ARCH = YES;
				SDKROOT = macosx;
				SWIFT_ACTIVE_COMPILATION_CONDITIONS = TESTING;
				SWIFT_OPTIMIZATION_LEVEL = "-Onone";
			};
			name = Testing;
		};
		910669B3263AA71900583455 /* Testing */ = {
			isa = XCBuildConfiguration;
			buildSettings = {
				ASSETCATALOG_COMPILER_APPICON_NAME = AppIcon;
				ASSETCATALOG_COMPILER_GLOBAL_ACCENT_COLOR_NAME = AccentColor;
				CODE_SIGN_ENTITLEMENTS = kindaVim/kindaVim.entitlements;
				CODE_SIGN_IDENTITY = "Developer ID Application";
				CODE_SIGN_STYLE = Manual;
				COMBINE_HIDPI_IMAGES = YES;
				DEVELOPMENT_ASSET_PATHS = "\"kindaVim/Preview Content\"";
				DEVELOPMENT_TEAM = ZX49WKA8QN;
				ENABLE_HARDENED_RUNTIME = YES;
				ENABLE_PREVIEWS = YES;
				INFOPLIST_FILE = kindaVim/Info.plist;
				LD_RUNPATH_SEARCH_PATHS = (
					"$(inherited)",
					"@executable_path/../Frameworks",
				);
				MACOSX_DEPLOYMENT_TARGET = 10.15;
				PRODUCT_BUNDLE_IDENTIFIER = mo.com.sleeplessmind.kindaVim;
				PRODUCT_NAME = "$(TARGET_NAME)";
				PROVISIONING_PROFILE_SPECIFIER = "";
				SWIFT_VERSION = 5.0;
			};
			name = Testing;
		};
		910669B4263AA71900583455 /* Testing */ = {
			isa = XCBuildConfiguration;
			buildSettings = {
				ALWAYS_EMBED_SWIFT_STANDARD_LIBRARIES = YES;
				BUNDLE_LOADER = "$(TEST_HOST)";
				CODE_SIGN_IDENTITY = "Developer ID Application";
				CODE_SIGN_STYLE = Manual;
				COMBINE_HIDPI_IMAGES = YES;
				DEVELOPMENT_TEAM = ZX49WKA8QN;
				INFOPLIST_FILE = kindaVimTests/Info.plist;
				LD_RUNPATH_SEARCH_PATHS = (
					"$(inherited)",
					"@executable_path/../Frameworks",
					"@loader_path/../Frameworks",
				);
				MACOSX_DEPLOYMENT_TARGET = 10.15;
				PRODUCT_BUNDLE_IDENTIFIER = mo.com.sleeplessmind.kindaVimTests;
				PRODUCT_NAME = "$(TARGET_NAME)";
				PROVISIONING_PROFILE_SPECIFIER = "";
				SWIFT_VERSION = 5.0;
				TEST_HOST = "$(BUILT_PRODUCTS_DIR)/kindaVim.app/Contents/MacOS/kindaVim";
			};
			name = Testing;
		};
		9128F2D3262AA90D00625B42 /* Debug */ = {
			isa = XCBuildConfiguration;
			buildSettings = {
				ALWAYS_SEARCH_USER_PATHS = NO;
				CLANG_ANALYZER_NONNULL = YES;
				CLANG_ANALYZER_NUMBER_OBJECT_CONVERSION = YES_AGGRESSIVE;
				CLANG_CXX_LANGUAGE_STANDARD = "gnu++14";
				CLANG_CXX_LIBRARY = "libc++";
				CLANG_ENABLE_MODULES = YES;
				CLANG_ENABLE_OBJC_ARC = YES;
				CLANG_ENABLE_OBJC_WEAK = YES;
				CLANG_WARN_BLOCK_CAPTURE_AUTORELEASING = YES;
				CLANG_WARN_BOOL_CONVERSION = YES;
				CLANG_WARN_COMMA = YES;
				CLANG_WARN_CONSTANT_CONVERSION = YES;
				CLANG_WARN_DEPRECATED_OBJC_IMPLEMENTATIONS = YES;
				CLANG_WARN_DIRECT_OBJC_ISA_USAGE = YES_ERROR;
				CLANG_WARN_DOCUMENTATION_COMMENTS = YES;
				CLANG_WARN_EMPTY_BODY = YES;
				CLANG_WARN_ENUM_CONVERSION = YES;
				CLANG_WARN_INFINITE_RECURSION = YES;
				CLANG_WARN_INT_CONVERSION = YES;
				CLANG_WARN_NON_LITERAL_NULL_CONVERSION = YES;
				CLANG_WARN_OBJC_IMPLICIT_RETAIN_SELF = YES;
				CLANG_WARN_OBJC_LITERAL_CONVERSION = YES;
				CLANG_WARN_OBJC_ROOT_CLASS = YES_ERROR;
				CLANG_WARN_QUOTED_INCLUDE_IN_FRAMEWORK_HEADER = YES;
				CLANG_WARN_RANGE_LOOP_ANALYSIS = YES;
				CLANG_WARN_STRICT_PROTOTYPES = YES;
				CLANG_WARN_SUSPICIOUS_MOVE = YES;
				CLANG_WARN_UNGUARDED_AVAILABILITY = YES_AGGRESSIVE;
				CLANG_WARN_UNREACHABLE_CODE = YES;
				CLANG_WARN__DUPLICATE_METHOD_MATCH = YES;
				COPY_PHASE_STRIP = NO;
				DEBUG_INFORMATION_FORMAT = dwarf;
				ENABLE_STRICT_OBJC_MSGSEND = YES;
				ENABLE_TESTABILITY = YES;
				GCC_C_LANGUAGE_STANDARD = gnu11;
				GCC_DYNAMIC_NO_PIC = NO;
				GCC_NO_COMMON_BLOCKS = YES;
				GCC_OPTIMIZATION_LEVEL = 0;
				GCC_PREPROCESSOR_DEFINITIONS = (
					"DEBUG=1",
					"$(inherited)",
				);
				GCC_WARN_64_TO_32_BIT_CONVERSION = YES;
				GCC_WARN_ABOUT_RETURN_TYPE = YES_ERROR;
				GCC_WARN_UNDECLARED_SELECTOR = YES;
				GCC_WARN_UNINITIALIZED_AUTOS = YES_AGGRESSIVE;
				GCC_WARN_UNUSED_FUNCTION = YES;
				GCC_WARN_UNUSED_VARIABLE = YES;
				MACOSX_DEPLOYMENT_TARGET = 10.15;
				MTL_ENABLE_DEBUG_INFO = INCLUDE_SOURCE;
				MTL_FAST_MATH = YES;
				ONLY_ACTIVE_ARCH = YES;
				SDKROOT = macosx;
				SWIFT_ACTIVE_COMPILATION_CONDITIONS = DEBUG;
				SWIFT_OPTIMIZATION_LEVEL = "-Onone";
			};
			name = Debug;
		};
		9128F2D4262AA90D00625B42 /* Release */ = {
			isa = XCBuildConfiguration;
			buildSettings = {
				ALWAYS_SEARCH_USER_PATHS = NO;
				CLANG_ANALYZER_NONNULL = YES;
				CLANG_ANALYZER_NUMBER_OBJECT_CONVERSION = YES_AGGRESSIVE;
				CLANG_CXX_LANGUAGE_STANDARD = "gnu++14";
				CLANG_CXX_LIBRARY = "libc++";
				CLANG_ENABLE_MODULES = YES;
				CLANG_ENABLE_OBJC_ARC = YES;
				CLANG_ENABLE_OBJC_WEAK = YES;
				CLANG_WARN_BLOCK_CAPTURE_AUTORELEASING = YES;
				CLANG_WARN_BOOL_CONVERSION = YES;
				CLANG_WARN_COMMA = YES;
				CLANG_WARN_CONSTANT_CONVERSION = YES;
				CLANG_WARN_DEPRECATED_OBJC_IMPLEMENTATIONS = YES;
				CLANG_WARN_DIRECT_OBJC_ISA_USAGE = YES_ERROR;
				CLANG_WARN_DOCUMENTATION_COMMENTS = YES;
				CLANG_WARN_EMPTY_BODY = YES;
				CLANG_WARN_ENUM_CONVERSION = YES;
				CLANG_WARN_INFINITE_RECURSION = YES;
				CLANG_WARN_INT_CONVERSION = YES;
				CLANG_WARN_NON_LITERAL_NULL_CONVERSION = YES;
				CLANG_WARN_OBJC_IMPLICIT_RETAIN_SELF = YES;
				CLANG_WARN_OBJC_LITERAL_CONVERSION = YES;
				CLANG_WARN_OBJC_ROOT_CLASS = YES_ERROR;
				CLANG_WARN_QUOTED_INCLUDE_IN_FRAMEWORK_HEADER = YES;
				CLANG_WARN_RANGE_LOOP_ANALYSIS = YES;
				CLANG_WARN_STRICT_PROTOTYPES = YES;
				CLANG_WARN_SUSPICIOUS_MOVE = YES;
				CLANG_WARN_UNGUARDED_AVAILABILITY = YES_AGGRESSIVE;
				CLANG_WARN_UNREACHABLE_CODE = YES;
				CLANG_WARN__DUPLICATE_METHOD_MATCH = YES;
				COPY_PHASE_STRIP = NO;
				DEBUG_INFORMATION_FORMAT = "dwarf-with-dsym";
				ENABLE_NS_ASSERTIONS = NO;
				ENABLE_STRICT_OBJC_MSGSEND = YES;
				GCC_C_LANGUAGE_STANDARD = gnu11;
				GCC_NO_COMMON_BLOCKS = YES;
				GCC_WARN_64_TO_32_BIT_CONVERSION = YES;
				GCC_WARN_ABOUT_RETURN_TYPE = YES_ERROR;
				GCC_WARN_UNDECLARED_SELECTOR = YES;
				GCC_WARN_UNINITIALIZED_AUTOS = YES_AGGRESSIVE;
				GCC_WARN_UNUSED_FUNCTION = YES;
				GCC_WARN_UNUSED_VARIABLE = YES;
				MACOSX_DEPLOYMENT_TARGET = 10.15;
				MTL_ENABLE_DEBUG_INFO = NO;
				MTL_FAST_MATH = YES;
				SDKROOT = macosx;
				SWIFT_COMPILATION_MODE = wholemodule;
				SWIFT_OPTIMIZATION_LEVEL = "-O";
			};
			name = Release;
		};
		9128F2D6262AA90D00625B42 /* Debug */ = {
			isa = XCBuildConfiguration;
			buildSettings = {
				ASSETCATALOG_COMPILER_APPICON_NAME = AppIcon;
				ASSETCATALOG_COMPILER_GLOBAL_ACCENT_COLOR_NAME = AccentColor;
				CODE_SIGN_ENTITLEMENTS = kindaVim/kindaVim.entitlements;
				CODE_SIGN_IDENTITY = "Developer ID Application";
				CODE_SIGN_STYLE = Manual;
				COMBINE_HIDPI_IMAGES = YES;
				DEVELOPMENT_ASSET_PATHS = "\"kindaVim/Preview Content\"";
				DEVELOPMENT_TEAM = ZX49WKA8QN;
				ENABLE_HARDENED_RUNTIME = YES;
				ENABLE_PREVIEWS = YES;
				INFOPLIST_FILE = kindaVim/Info.plist;
				LD_RUNPATH_SEARCH_PATHS = (
					"$(inherited)",
					"@executable_path/../Frameworks",
				);
				MACOSX_DEPLOYMENT_TARGET = 10.15;
				PRODUCT_BUNDLE_IDENTIFIER = mo.com.sleeplessmind.kindaVim;
				PRODUCT_NAME = "$(TARGET_NAME)";
				PROVISIONING_PROFILE_SPECIFIER = "";
				SWIFT_VERSION = 5.0;
			};
			name = Debug;
		};
		9128F2D7262AA90D00625B42 /* Release */ = {
			isa = XCBuildConfiguration;
			buildSettings = {
				ASSETCATALOG_COMPILER_APPICON_NAME = AppIcon;
				ASSETCATALOG_COMPILER_GLOBAL_ACCENT_COLOR_NAME = AccentColor;
				CODE_SIGN_ENTITLEMENTS = kindaVim/kindaVim.entitlements;
				CODE_SIGN_IDENTITY = "Developer ID Application";
				CODE_SIGN_STYLE = Manual;
				COMBINE_HIDPI_IMAGES = YES;
				DEVELOPMENT_ASSET_PATHS = "\"kindaVim/Preview Content\"";
				DEVELOPMENT_TEAM = ZX49WKA8QN;
				ENABLE_HARDENED_RUNTIME = YES;
				ENABLE_PREVIEWS = YES;
				INFOPLIST_FILE = kindaVim/Info.plist;
				LD_RUNPATH_SEARCH_PATHS = (
					"$(inherited)",
					"@executable_path/../Frameworks",
				);
				MACOSX_DEPLOYMENT_TARGET = 10.15;
				PRODUCT_BUNDLE_IDENTIFIER = mo.com.sleeplessmind.kindaVim;
				PRODUCT_NAME = "$(TARGET_NAME)";
				PROVISIONING_PROFILE_SPECIFIER = "";
				SWIFT_VERSION = 5.0;
			};
			name = Release;
		};
		9128F2D9262AA90D00625B42 /* Debug */ = {
			isa = XCBuildConfiguration;
			buildSettings = {
				ALWAYS_EMBED_SWIFT_STANDARD_LIBRARIES = YES;
				BUNDLE_LOADER = "$(TEST_HOST)";
				CODE_SIGN_IDENTITY = "Developer ID Application";
				CODE_SIGN_STYLE = Manual;
				COMBINE_HIDPI_IMAGES = YES;
				DEVELOPMENT_TEAM = ZX49WKA8QN;
				INFOPLIST_FILE = kindaVimTests/Info.plist;
				LD_RUNPATH_SEARCH_PATHS = (
					"$(inherited)",
					"@executable_path/../Frameworks",
					"@loader_path/../Frameworks",
				);
				MACOSX_DEPLOYMENT_TARGET = 10.15;
				PRODUCT_BUNDLE_IDENTIFIER = mo.com.sleeplessmind.kindaVimTests;
				PRODUCT_NAME = "$(TARGET_NAME)";
				PROVISIONING_PROFILE_SPECIFIER = "";
				SWIFT_VERSION = 5.0;
				TEST_HOST = "$(BUILT_PRODUCTS_DIR)/kindaVim.app/Contents/MacOS/kindaVim";
			};
			name = Debug;
		};
		9128F2DA262AA90D00625B42 /* Release */ = {
			isa = XCBuildConfiguration;
			buildSettings = {
				ALWAYS_EMBED_SWIFT_STANDARD_LIBRARIES = YES;
				BUNDLE_LOADER = "$(TEST_HOST)";
				CODE_SIGN_IDENTITY = "Developer ID Application";
				CODE_SIGN_STYLE = Manual;
				COMBINE_HIDPI_IMAGES = YES;
				DEVELOPMENT_TEAM = ZX49WKA8QN;
				INFOPLIST_FILE = kindaVimTests/Info.plist;
				LD_RUNPATH_SEARCH_PATHS = (
					"$(inherited)",
					"@executable_path/../Frameworks",
					"@loader_path/../Frameworks",
				);
				MACOSX_DEPLOYMENT_TARGET = 10.15;
				PRODUCT_BUNDLE_IDENTIFIER = mo.com.sleeplessmind.kindaVimTests;
				PRODUCT_NAME = "$(TARGET_NAME)";
				PROVISIONING_PROFILE_SPECIFIER = "";
				SWIFT_VERSION = 5.0;
				TEST_HOST = "$(BUILT_PRODUCTS_DIR)/kindaVim.app/Contents/MacOS/kindaVim";
			};
			name = Release;
		};
/* End XCBuildConfiguration section */

/* Begin XCConfigurationList section */
		9128F2A7262AA90C00625B42 /* Build configuration list for PBXProject "kindaVim" */ = {
			isa = XCConfigurationList;
			buildConfigurations = (
				9128F2D3262AA90D00625B42 /* Debug */,
				910669B2263AA71900583455 /* Testing */,
				9128F2D4262AA90D00625B42 /* Release */,
			);
			defaultConfigurationIsVisible = 0;
			defaultConfigurationName = Release;
		};
		9128F2D5262AA90D00625B42 /* Build configuration list for PBXNativeTarget "kindaVim" */ = {
			isa = XCConfigurationList;
			buildConfigurations = (
				9128F2D6262AA90D00625B42 /* Debug */,
				910669B3263AA71900583455 /* Testing */,
				9128F2D7262AA90D00625B42 /* Release */,
			);
			defaultConfigurationIsVisible = 0;
			defaultConfigurationName = Release;
		};
		9128F2D8262AA90D00625B42 /* Build configuration list for PBXNativeTarget "kindaVimTests" */ = {
			isa = XCConfigurationList;
			buildConfigurations = (
				9128F2D9262AA90D00625B42 /* Debug */,
				910669B4263AA71900583455 /* Testing */,
				9128F2DA262AA90D00625B42 /* Release */,
			);
			defaultConfigurationIsVisible = 0;
			defaultConfigurationName = Release;
		};
/* End XCConfigurationList section */
	};
	rootObject = 9128F2A4262AA90C00625B42 /* Project object */;
}
