// !$*UTF8*$!
{
	archiveVersion = 1;
	classes = {
	};
	objectVersion = 50;
	objects = {

/* Begin PBXBuildFile section */
		91013742263DD2430037AB6E /* AccessibilityStrategy.swift in Sources */ = {isa = PBXBuildFile; fileRef = 91013741263DD2430037AB6E /* AccessibilityStrategy.swift */; };
		910B05CA2642AECC005D287C /* FailingAccessibilityStrategyStub.swift in Sources */ = {isa = PBXBuildFile; fileRef = 910B05C92642AECC005D287C /* FailingAccessibilityStrategyStub.swift */; };
		9118C4E7263F0CE50040C297 /* Display.swift in Sources */ = {isa = PBXBuildFile; fileRef = 9118C4E6263F0CE50040C297 /* Display.swift */; };
		911BB7492632899E006882D8 /* VimEngineController.swift in Sources */ = {isa = PBXBuildFile; fileRef = 911BB7482632899E006882D8 /* VimEngineController.swift */; };
		911BB75626328D7D006882D8 /* EventTapController.swift in Sources */ = {isa = PBXBuildFile; fileRef = 911BB75526328D7D006882D8 /* EventTapController.swift */; };
		9128B0ED26380ACC007DC80B /* GlobalEventsControllerTests.swift in Sources */ = {isa = PBXBuildFile; fileRef = 9128B0EC26380ACC007DC80B /* GlobalEventsControllerTests.swift */; };
		9128F2B0262AA90C00625B42 /* AppDelegate.swift in Sources */ = {isa = PBXBuildFile; fileRef = 9128F2AF262AA90C00625B42 /* AppDelegate.swift */; };
		9128F2B2262AA90D00625B42 /* ContentView.swift in Sources */ = {isa = PBXBuildFile; fileRef = 9128F2B1262AA90D00625B42 /* ContentView.swift */; };
		9128F2B4262AA90D00625B42 /* Assets.xcassets in Resources */ = {isa = PBXBuildFile; fileRef = 9128F2B3262AA90D00625B42 /* Assets.xcassets */; };
		9128F2B7262AA90D00625B42 /* Preview Assets.xcassets in Resources */ = {isa = PBXBuildFile; fileRef = 9128F2B6262AA90D00625B42 /* Preview Assets.xcassets */; };
		9128F2BA262AA90D00625B42 /* Main.storyboard in Resources */ = {isa = PBXBuildFile; fileRef = 9128F2B8262AA90D00625B42 /* Main.storyboard */; };
		91482E40263DBE8300F10ADC /* KeyboardStrategy.swift in Sources */ = {isa = PBXBuildFile; fileRef = 91482E3F263DBE8300F10ADC /* KeyboardStrategy.swift */; };
		91482E46263DBF7300F10ADC /* KSMotionsTests.swift in Sources */ = {isa = PBXBuildFile; fileRef = 91482E45263DBF7300F10ADC /* KSMotionsTests.swift */; };
		91482E49263DC1F700F10ADC /* KSDeleteInsertingTests.swift in Sources */ = {isa = PBXBuildFile; fileRef = 91482E48263DC1F700F10ADC /* KSDeleteInsertingTests.swift */; };
		91482E4B263DC57100F10ADC /* KSDeletingTests.swift in Sources */ = {isa = PBXBuildFile; fileRef = 91482E4A263DC57100F10ADC /* KSDeletingTests.swift */; };
		91482E4D263DC6B100F10ADC /* KSUndosTests.swift in Sources */ = {isa = PBXBuildFile; fileRef = 91482E4C263DC6B100F10ADC /* KSUndosTests.swift */; };
		91482E4F263DC76500F10ADC /* KSInsertingTests.swift in Sources */ = {isa = PBXBuildFile; fileRef = 91482E4E263DC76500F10ADC /* KSInsertingTests.swift */; };
		91506D25263EF0C6008E20A3 /* ASMotionsTests.swift in Sources */ = {isa = PBXBuildFile; fileRef = 91506D24263EF0C6008E20A3 /* ASMotionsTests.swift */; };
		917458F1262EB934007D3855 /* StatusBarController.swift in Sources */ = {isa = PBXBuildFile; fileRef = 917458F0262EB934007D3855 /* StatusBarController.swift */; };
		918024B926386E95004FD719 /* AppComponent.swift in Sources */ = {isa = PBXBuildFile; fileRef = 918024B826386E95004FD719 /* AppComponent.swift */; };
		9197C0852636695A006C696A /* KeyCombinationAdaptor.swift in Sources */ = {isa = PBXBuildFile; fileRef = 9197C0842636695A006C696A /* KeyCombinationAdaptor.swift */; };
		9197C08A26366A3B006C696A /* KeyCombinationAdaptorTests.swift in Sources */ = {isa = PBXBuildFile; fileRef = 9197C08926366A3B006C696A /* KeyCombinationAdaptorTests.swift */; };
		919DEB632632C85B0052D514 /* KeyCombination.swift in Sources */ = {isa = PBXBuildFile; fileRef = 919DEB622632C85B0052D514 /* KeyCombination.swift */; };
		91BC934226352A1E00B62B18 /* GlobalEventsController.swift in Sources */ = {isa = PBXBuildFile; fileRef = 91BC934126352A1E00B62B18 /* GlobalEventsController.swift */; };
		91BFF31B26403F95003B7A2A /* KeyCombinationTests.swift in Sources */ = {isa = PBXBuildFile; fileRef = 91BFF31A26403F95003B7A2A /* KeyCombinationTests.swift */; };
		91C486052641C0D30003D9D7 /* KeyboardStrategyMock.swift in Sources */ = {isa = PBXBuildFile; fileRef = 91C486042641C0D30003D9D7 /* KeyboardStrategyMock.swift */; };
		91C486132641CFFE0003D9D7 /* VimEngineControllerTests.swift in Sources */ = {isa = PBXBuildFile; fileRef = 91C486122641CFFE0003D9D7 /* VimEngineControllerTests.swift */; };
		91E610E2264182B400F4A165 /* InsertModeTests.swift in Sources */ = {isa = PBXBuildFile; fileRef = 91E610E1264182B400F4A165 /* InsertModeTests.swift */; };
		91E610E6264182C700F4A165 /* OperatorPendingModeTests.swift in Sources */ = {isa = PBXBuildFile; fileRef = 91E610E5264182C700F4A165 /* OperatorPendingModeTests.swift */; };
/* End PBXBuildFile section */

/* Begin PBXContainerItemProxy section */
		9128F2C2262AA90D00625B42 /* PBXContainerItemProxy */ = {
			isa = PBXContainerItemProxy;
			containerPortal = 9128F2A4262AA90C00625B42 /* Project object */;
			proxyType = 1;
			remoteGlobalIDString = 9128F2AB262AA90C00625B42;
			remoteInfo = kindaVim;
		};
/* End PBXContainerItemProxy section */

/* Begin PBXFileReference section */
		91013741263DD2430037AB6E /* AccessibilityStrategy.swift */ = {isa = PBXFileReference; lastKnownFileType = sourcecode.swift; path = AccessibilityStrategy.swift; sourceTree = "<group>"; };
		910B05C92642AECC005D287C /* FailingAccessibilityStrategyStub.swift */ = {isa = PBXFileReference; lastKnownFileType = sourcecode.swift; path = FailingAccessibilityStrategyStub.swift; sourceTree = "<group>"; };
		9118C4E6263F0CE50040C297 /* Display.swift */ = {isa = PBXFileReference; lastKnownFileType = sourcecode.swift; path = Display.swift; sourceTree = "<group>"; };
		911BB7482632899E006882D8 /* VimEngineController.swift */ = {isa = PBXFileReference; lastKnownFileType = sourcecode.swift; path = VimEngineController.swift; sourceTree = "<group>"; };
		911BB75526328D7D006882D8 /* EventTapController.swift */ = {isa = PBXFileReference; lastKnownFileType = sourcecode.swift; path = EventTapController.swift; sourceTree = "<group>"; };
		9128B0EC26380ACC007DC80B /* GlobalEventsControllerTests.swift */ = {isa = PBXFileReference; lastKnownFileType = sourcecode.swift; path = GlobalEventsControllerTests.swift; sourceTree = "<group>"; };
		9128F2AC262AA90C00625B42 /* kindaVim.app */ = {isa = PBXFileReference; explicitFileType = wrapper.application; includeInIndex = 0; path = kindaVim.app; sourceTree = BUILT_PRODUCTS_DIR; };
		9128F2AF262AA90C00625B42 /* AppDelegate.swift */ = {isa = PBXFileReference; lastKnownFileType = sourcecode.swift; path = AppDelegate.swift; sourceTree = "<group>"; };
		9128F2B1262AA90D00625B42 /* ContentView.swift */ = {isa = PBXFileReference; lastKnownFileType = sourcecode.swift; path = ContentView.swift; sourceTree = "<group>"; };
		9128F2B3262AA90D00625B42 /* Assets.xcassets */ = {isa = PBXFileReference; lastKnownFileType = folder.assetcatalog; path = Assets.xcassets; sourceTree = "<group>"; };
		9128F2B6262AA90D00625B42 /* Preview Assets.xcassets */ = {isa = PBXFileReference; lastKnownFileType = folder.assetcatalog; path = "Preview Assets.xcassets"; sourceTree = "<group>"; };
		9128F2B9262AA90D00625B42 /* Base */ = {isa = PBXFileReference; lastKnownFileType = file.storyboard; name = Base; path = Base.lproj/Main.storyboard; sourceTree = "<group>"; };
		9128F2BB262AA90D00625B42 /* Info.plist */ = {isa = PBXFileReference; lastKnownFileType = text.plist.xml; path = Info.plist; sourceTree = "<group>"; };
		9128F2BC262AA90D00625B42 /* kindaVim.entitlements */ = {isa = PBXFileReference; lastKnownFileType = text.plist.entitlements; path = kindaVim.entitlements; sourceTree = "<group>"; };
		9128F2C1262AA90D00625B42 /* kindaVimTests.xctest */ = {isa = PBXFileReference; explicitFileType = wrapper.cfbundle; includeInIndex = 0; path = kindaVimTests.xctest; sourceTree = BUILT_PRODUCTS_DIR; };
		9128F2C7262AA90D00625B42 /* Info.plist */ = {isa = PBXFileReference; lastKnownFileType = text.plist.xml; path = Info.plist; sourceTree = "<group>"; };
		91482E3F263DBE8300F10ADC /* KeyboardStrategy.swift */ = {isa = PBXFileReference; lastKnownFileType = sourcecode.swift; path = KeyboardStrategy.swift; sourceTree = "<group>"; };
		91482E45263DBF7300F10ADC /* KSMotionsTests.swift */ = {isa = PBXFileReference; lastKnownFileType = sourcecode.swift; path = KSMotionsTests.swift; sourceTree = "<group>"; };
		91482E48263DC1F700F10ADC /* KSDeleteInsertingTests.swift */ = {isa = PBXFileReference; lastKnownFileType = sourcecode.swift; path = KSDeleteInsertingTests.swift; sourceTree = "<group>"; };
		91482E4A263DC57100F10ADC /* KSDeletingTests.swift */ = {isa = PBXFileReference; lastKnownFileType = sourcecode.swift; path = KSDeletingTests.swift; sourceTree = "<group>"; };
		91482E4C263DC6B100F10ADC /* KSUndosTests.swift */ = {isa = PBXFileReference; lastKnownFileType = sourcecode.swift; path = KSUndosTests.swift; sourceTree = "<group>"; };
		91482E4E263DC76500F10ADC /* KSInsertingTests.swift */ = {isa = PBXFileReference; lastKnownFileType = sourcecode.swift; path = KSInsertingTests.swift; sourceTree = "<group>"; };
		91506D24263EF0C6008E20A3 /* ASMotionsTests.swift */ = {isa = PBXFileReference; lastKnownFileType = sourcecode.swift; path = ASMotionsTests.swift; sourceTree = "<group>"; };
		917458F0262EB934007D3855 /* StatusBarController.swift */ = {isa = PBXFileReference; lastKnownFileType = sourcecode.swift; path = StatusBarController.swift; sourceTree = "<group>"; };
		918024B826386E95004FD719 /* AppComponent.swift */ = {isa = PBXFileReference; lastKnownFileType = sourcecode.swift; path = AppComponent.swift; sourceTree = "<group>"; };
		9197C0842636695A006C696A /* KeyCombinationAdaptor.swift */ = {isa = PBXFileReference; lastKnownFileType = sourcecode.swift; path = KeyCombinationAdaptor.swift; sourceTree = "<group>"; };
		9197C08926366A3B006C696A /* KeyCombinationAdaptorTests.swift */ = {isa = PBXFileReference; lastKnownFileType = sourcecode.swift; path = KeyCombinationAdaptorTests.swift; sourceTree = "<group>"; };
		919DEB622632C85B0052D514 /* KeyCombination.swift */ = {isa = PBXFileReference; lastKnownFileType = sourcecode.swift; path = KeyCombination.swift; sourceTree = "<group>"; };
		91BC934126352A1E00B62B18 /* GlobalEventsController.swift */ = {isa = PBXFileReference; lastKnownFileType = sourcecode.swift; path = GlobalEventsController.swift; sourceTree = "<group>"; };
		91BFF31A26403F95003B7A2A /* KeyCombinationTests.swift */ = {isa = PBXFileReference; lastKnownFileType = sourcecode.swift; path = KeyCombinationTests.swift; sourceTree = "<group>"; };
		91C486042641C0D30003D9D7 /* KeyboardStrategyMock.swift */ = {isa = PBXFileReference; lastKnownFileType = sourcecode.swift; path = KeyboardStrategyMock.swift; sourceTree = "<group>"; };
		91C486122641CFFE0003D9D7 /* VimEngineControllerTests.swift */ = {isa = PBXFileReference; lastKnownFileType = sourcecode.swift; path = VimEngineControllerTests.swift; sourceTree = "<group>"; };
		91E610E1264182B400F4A165 /* InsertModeTests.swift */ = {isa = PBXFileReference; lastKnownFileType = sourcecode.swift; path = InsertModeTests.swift; sourceTree = "<group>"; };
		91E610E5264182C700F4A165 /* OperatorPendingModeTests.swift */ = {isa = PBXFileReference; lastKnownFileType = sourcecode.swift; path = OperatorPendingModeTests.swift; sourceTree = "<group>"; };
/* End PBXFileReference section */

/* Begin PBXFrameworksBuildPhase section */
		9128F2A9262AA90C00625B42 /* Frameworks */ = {
			isa = PBXFrameworksBuildPhase;
			buildActionMask = 2147483647;
			files = (
			);
			runOnlyForDeploymentPostprocessing = 0;
		};
		9128F2BE262AA90D00625B42 /* Frameworks */ = {
			isa = PBXFrameworksBuildPhase;
			buildActionMask = 2147483647;
			files = (
			);
			runOnlyForDeploymentPostprocessing = 0;
		};
/* End PBXFrameworksBuildPhase section */

/* Begin PBXGroup section */
		9115315D263860F80048F8F8 /* Unit */ = {
			isa = PBXGroup;
			children = (
				9128B0EB26380AB0007DC80B /* Events */,
				912687242640634D002E3FB0 /* KeyCombination */,
				9128B0F2263820C5007DC80B /* VimEngine */,
			);
			path = Unit;
			sourceTree = "<group>";
		};
		9118C4E5263F0CDA0040C297 /* Display */ = {
			isa = PBXGroup;
			children = (
				9118C4E6263F0CE50040C297 /* Display.swift */,
			);
			path = Display;
			sourceTree = "<group>";
		};
		911BB75A26329513006882D8 /* StatusBar */ = {
			isa = PBXGroup;
			children = (
				917458F0262EB934007D3855 /* StatusBarController.swift */,
			);
			path = StatusBar;
			sourceTree = "<group>";
		};
		911BB75B26329526006882D8 /* Events */ = {
			isa = PBXGroup;
			children = (
				91BC934126352A1E00B62B18 /* GlobalEventsController.swift */,
				911BB75526328D7D006882D8 /* EventTapController.swift */,
			);
			path = Events;
			sourceTree = "<group>";
		};
		9126872326406335002E3FB0 /* KeyCombination */ = {
			isa = PBXGroup;
			children = (
				919DEB622632C85B0052D514 /* KeyCombination.swift */,
				9197C0842636695A006C696A /* KeyCombinationAdaptor.swift */,
			);
			path = KeyCombination;
			sourceTree = "<group>";
		};
		912687242640634D002E3FB0 /* KeyCombination */ = {
			isa = PBXGroup;
			children = (
				91BFF31A26403F95003B7A2A /* KeyCombinationTests.swift */,
				9197C08926366A3B006C696A /* KeyCombinationAdaptorTests.swift */,
			);
			path = KeyCombination;
			sourceTree = "<group>";
		};
		9128B0EB26380AB0007DC80B /* Events */ = {
			isa = PBXGroup;
			children = (
				9128B0EC26380ACC007DC80B /* GlobalEventsControllerTests.swift */,
			);
			path = Events;
			sourceTree = "<group>";
		};
		9128B0F2263820C5007DC80B /* VimEngine */ = {
			isa = PBXGroup;
			children = (
				91482E41263DBF3100F10ADC /* Strategies */,
				91C486122641CFFE0003D9D7 /* VimEngineControllerTests.swift */,
				91E610E1264182B400F4A165 /* InsertModeTests.swift */,
				91E610E5264182C700F4A165 /* OperatorPendingModeTests.swift */,
			);
			path = VimEngine;
			sourceTree = "<group>";
		};
		9128F2A3262AA90C00625B42 = {
			isa = PBXGroup;
			children = (
				9128F2AE262AA90C00625B42 /* kindaVim */,
				9128F2C4262AA90D00625B42 /* kindaVimTests */,
				9128F2AD262AA90C00625B42 /* Products */,
			);
			sourceTree = "<group>";
		};
		9128F2AD262AA90C00625B42 /* Products */ = {
			isa = PBXGroup;
			children = (
				9128F2AC262AA90C00625B42 /* kindaVim.app */,
				9128F2C1262AA90D00625B42 /* kindaVimTests.xctest */,
			);
			name = Products;
			sourceTree = "<group>";
		};
		9128F2AE262AA90C00625B42 /* kindaVim */ = {
			isa = PBXGroup;
			children = (
				911BB75A26329513006882D8 /* StatusBar */,
				9118C4E5263F0CDA0040C297 /* Display */,
				911BB75B26329526006882D8 /* Events */,
				9126872326406335002E3FB0 /* KeyCombination */,
				919DEB612632C8320052D514 /* VimEngine */,
				9128F2AF262AA90C00625B42 /* AppDelegate.swift */,
				918024B826386E95004FD719 /* AppComponent.swift */,
				9128F2B1262AA90D00625B42 /* ContentView.swift */,
				9128F2B3262AA90D00625B42 /* Assets.xcassets */,
				9128F2B8262AA90D00625B42 /* Main.storyboard */,
				9128F2BB262AA90D00625B42 /* Info.plist */,
				9128F2BC262AA90D00625B42 /* kindaVim.entitlements */,
				9128F2B5262AA90D00625B42 /* Preview Content */,
			);
			path = kindaVim;
			sourceTree = "<group>";
		};
		9128F2B5262AA90D00625B42 /* Preview Content */ = {
			isa = PBXGroup;
			children = (
				9128F2B6262AA90D00625B42 /* Preview Assets.xcassets */,
			);
			path = "Preview Content";
			sourceTree = "<group>";
		};
		9128F2C4262AA90D00625B42 /* kindaVimTests */ = {
			isa = PBXGroup;
			children = (
				91C486032641C0AA0003D9D7 /* Helpers */,
				9115315D263860F80048F8F8 /* Unit */,
				9128F2C7262AA90D00625B42 /* Info.plist */,
			);
			path = kindaVimTests;
			sourceTree = "<group>";
		};
		91482E3E263DBE7700F10ADC /* Strategies */ = {
			isa = PBXGroup;
			children = (
				91482E3F263DBE8300F10ADC /* KeyboardStrategy.swift */,
				91013741263DD2430037AB6E /* AccessibilityStrategy.swift */,
			);
			path = Strategies;
			sourceTree = "<group>";
		};
		91482E41263DBF3100F10ADC /* Strategies */ = {
			isa = PBXGroup;
			children = (
				91506D23263EF0AF008E20A3 /* AccessibilityStrategy */,
				91482E47263DC10600F10ADC /* KeyboardStrategy */,
			);
			path = Strategies;
			sourceTree = "<group>";
		};
		91482E47263DC10600F10ADC /* KeyboardStrategy */ = {
			isa = PBXGroup;
			children = (
				91482E45263DBF7300F10ADC /* KSMotionsTests.swift */,
				91482E48263DC1F700F10ADC /* KSDeleteInsertingTests.swift */,
				91482E4A263DC57100F10ADC /* KSDeletingTests.swift */,
				91482E4C263DC6B100F10ADC /* KSUndosTests.swift */,
				91482E4E263DC76500F10ADC /* KSInsertingTests.swift */,
			);
			path = KeyboardStrategy;
			sourceTree = "<group>";
		};
		91506D23263EF0AF008E20A3 /* AccessibilityStrategy */ = {
			isa = PBXGroup;
			children = (
				91506D24263EF0C6008E20A3 /* ASMotionsTests.swift */,
			);
			path = AccessibilityStrategy;
			sourceTree = "<group>";
		};
		919DEB612632C8320052D514 /* VimEngine */ = {
			isa = PBXGroup;
			children = (
				91482E3E263DBE7700F10ADC /* Strategies */,
				911BB7482632899E006882D8 /* VimEngineController.swift */,
			);
			path = VimEngine;
			sourceTree = "<group>";
		};
		91C486032641C0AA0003D9D7 /* Helpers */ = {
			isa = PBXGroup;
			children = (
				91C486042641C0D30003D9D7 /* KeyboardStrategyMock.swift */,
				910B05C92642AECC005D287C /* FailingAccessibilityStrategyStub.swift */,
			);
			path = Helpers;
			sourceTree = "<group>";
		};
/* End PBXGroup section */

/* Begin PBXNativeTarget section */
		9128F2AB262AA90C00625B42 /* kindaVim */ = {
			isa = PBXNativeTarget;
			buildConfigurationList = 9128F2D5262AA90D00625B42 /* Build configuration list for PBXNativeTarget "kindaVim" */;
			buildPhases = (
				9128F2A8262AA90C00625B42 /* Sources */,
				9128F2A9262AA90C00625B42 /* Frameworks */,
				9128F2AA262AA90C00625B42 /* Resources */,
			);
			buildRules = (
			);
			dependencies = (
			);
			name = kindaVim;
			productName = kindaVim;
			productReference = 9128F2AC262AA90C00625B42 /* kindaVim.app */;
			productType = "com.apple.product-type.application";
		};
		9128F2C0262AA90D00625B42 /* kindaVimTests */ = {
			isa = PBXNativeTarget;
			buildConfigurationList = 9128F2D8262AA90D00625B42 /* Build configuration list for PBXNativeTarget "kindaVimTests" */;
			buildPhases = (
				9128F2BD262AA90D00625B42 /* Sources */,
				9128F2BE262AA90D00625B42 /* Frameworks */,
				9128F2BF262AA90D00625B42 /* Resources */,
			);
			buildRules = (
			);
			dependencies = (
				9128F2C3262AA90D00625B42 /* PBXTargetDependency */,
			);
			name = kindaVimTests;
			productName = kindaVimTests;
			productReference = 9128F2C1262AA90D00625B42 /* kindaVimTests.xctest */;
			productType = "com.apple.product-type.bundle.unit-test";
		};
/* End PBXNativeTarget section */

/* Begin PBXProject section */
		9128F2A4262AA90C00625B42 /* Project object */ = {
			isa = PBXProject;
			attributes = {
				LastSwiftUpdateCheck = 1240;
				LastUpgradeCheck = 1250;
				TargetAttributes = {
					9128F2AB262AA90C00625B42 = {
						CreatedOnToolsVersion = 12.4;
					};
					9128F2C0262AA90D00625B42 = {
						CreatedOnToolsVersion = 12.4;
						TestTargetID = 9128F2AB262AA90C00625B42;
					};
				};
			};
			buildConfigurationList = 9128F2A7262AA90C00625B42 /* Build configuration list for PBXProject "kindaVim" */;
			compatibilityVersion = "Xcode 9.3";
			developmentRegion = en;
			hasScannedForEncodings = 0;
			knownRegions = (
				en,
				Base,
			);
			mainGroup = 9128F2A3262AA90C00625B42;
			productRefGroup = 9128F2AD262AA90C00625B42 /* Products */;
			projectDirPath = "";
			projectRoot = "";
			targets = (
				9128F2AB262AA90C00625B42 /* kindaVim */,
				9128F2C0262AA90D00625B42 /* kindaVimTests */,
			);
		};
/* End PBXProject section */

/* Begin PBXResourcesBuildPhase section */
		9128F2AA262AA90C00625B42 /* Resources */ = {
			isa = PBXResourcesBuildPhase;
			buildActionMask = 2147483647;
			files = (
				9128F2BA262AA90D00625B42 /* Main.storyboard in Resources */,
				9128F2B7262AA90D00625B42 /* Preview Assets.xcassets in Resources */,
				9128F2B4262AA90D00625B42 /* Assets.xcassets in Resources */,
			);
			runOnlyForDeploymentPostprocessing = 0;
		};
		9128F2BF262AA90D00625B42 /* Resources */ = {
			isa = PBXResourcesBuildPhase;
			buildActionMask = 2147483647;
			files = (
			);
			runOnlyForDeploymentPostprocessing = 0;
		};
/* End PBXResourcesBuildPhase section */

/* Begin PBXSourcesBuildPhase section */
		9128F2A8262AA90C00625B42 /* Sources */ = {
			isa = PBXSourcesBuildPhase;
			buildActionMask = 2147483647;
			files = (
				9128F2B2262AA90D00625B42 /* ContentView.swift in Sources */,
				91BC934226352A1E00B62B18 /* GlobalEventsController.swift in Sources */,
				917458F1262EB934007D3855 /* StatusBarController.swift in Sources */,
				9197C0852636695A006C696A /* KeyCombinationAdaptor.swift in Sources */,
				911BB7492632899E006882D8 /* VimEngineController.swift in Sources */,
				918024B926386E95004FD719 /* AppComponent.swift in Sources */,
				9128F2B0262AA90C00625B42 /* AppDelegate.swift in Sources */,
				911BB75626328D7D006882D8 /* EventTapController.swift in Sources */,
				91013742263DD2430037AB6E /* AccessibilityStrategy.swift in Sources */,
				9118C4E7263F0CE50040C297 /* Display.swift in Sources */,
				919DEB632632C85B0052D514 /* KeyCombination.swift in Sources */,
				91482E40263DBE8300F10ADC /* KeyboardStrategy.swift in Sources */,
			);
			runOnlyForDeploymentPostprocessing = 0;
		};
		9128F2BD262AA90D00625B42 /* Sources */ = {
			isa = PBXSourcesBuildPhase;
			buildActionMask = 2147483647;
			files = (
				91506D25263EF0C6008E20A3 /* ASMotionsTests.swift in Sources */,
				91C486132641CFFE0003D9D7 /* VimEngineControllerTests.swift in Sources */,
				91482E4B263DC57100F10ADC /* KSDeletingTests.swift in Sources */,
				9197C08A26366A3B006C696A /* KeyCombinationAdaptorTests.swift in Sources */,
				91E610E2264182B400F4A165 /* InsertModeTests.swift in Sources */,
				910B05CA2642AECC005D287C /* FailingAccessibilityStrategyStub.swift in Sources */,
				91BFF31B26403F95003B7A2A /* KeyCombinationTests.swift in Sources */,
				91E610E6264182C700F4A165 /* OperatorPendingModeTests.swift in Sources */,
				91482E4D263DC6B100F10ADC /* KSUndosTests.swift in Sources */,
				91482E46263DBF7300F10ADC /* KSMotionsTests.swift in Sources */,
				91482E4F263DC76500F10ADC /* KSInsertingTests.swift in Sources */,
				91482E49263DC1F700F10ADC /* KSDeleteInsertingTests.swift in Sources */,
				9128B0ED26380ACC007DC80B /* GlobalEventsControllerTests.swift in Sources */,
				91C486052641C0D30003D9D7 /* KeyboardStrategyMock.swift in Sources */,
			);
			runOnlyForDeploymentPostprocessing = 0;
		};
/* End PBXSourcesBuildPhase section */

/* Begin PBXTargetDependency section */
		9128F2C3262AA90D00625B42 /* PBXTargetDependency */ = {
			isa = PBXTargetDependency;
			target = 9128F2AB262AA90C00625B42 /* kindaVim */;
			targetProxy = 9128F2C2262AA90D00625B42 /* PBXContainerItemProxy */;
		};
/* End PBXTargetDependency section */

/* Begin PBXVariantGroup section */
		9128F2B8262AA90D00625B42 /* Main.storyboard */ = {
			isa = PBXVariantGroup;
			children = (
				9128F2B9262AA90D00625B42 /* Base */,
			);
			name = Main.storyboard;
			sourceTree = "<group>";
		};
/* End PBXVariantGroup section */

/* Begin XCBuildConfiguration section */
		910669B2263AA71900583455 /* Testing */ = {
			isa = XCBuildConfiguration;
			buildSettings = {
				ALWAYS_SEARCH_USER_PATHS = NO;
				CLANG_ANALYZER_NONNULL = YES;
				CLANG_ANALYZER_NUMBER_OBJECT_CONVERSION = YES_AGGRESSIVE;
				CLANG_CXX_LANGUAGE_STANDARD = "gnu++14";
				CLANG_CXX_LIBRARY = "libc++";
				CLANG_ENABLE_MODULES = YES;
				CLANG_ENABLE_OBJC_ARC = YES;
				CLANG_ENABLE_OBJC_WEAK = YES;
				CLANG_WARN_BLOCK_CAPTURE_AUTORELEASING = YES;
				CLANG_WARN_BOOL_CONVERSION = YES;
				CLANG_WARN_COMMA = YES;
				CLANG_WARN_CONSTANT_CONVERSION = YES;
				CLANG_WARN_DEPRECATED_OBJC_IMPLEMENTATIONS = YES;
				CLANG_WARN_DIRECT_OBJC_ISA_USAGE = YES_ERROR;
				CLANG_WARN_DOCUMENTATION_COMMENTS = YES;
				CLANG_WARN_EMPTY_BODY = YES;
				CLANG_WARN_ENUM_CONVERSION = YES;
				CLANG_WARN_INFINITE_RECURSION = YES;
				CLANG_WARN_INT_CONVERSION = YES;
				CLANG_WARN_NON_LITERAL_NULL_CONVERSION = YES;
				CLANG_WARN_OBJC_IMPLICIT_RETAIN_SELF = YES;
				CLANG_WARN_OBJC_LITERAL_CONVERSION = YES;
				CLANG_WARN_OBJC_ROOT_CLASS = YES_ERROR;
				CLANG_WARN_QUOTED_INCLUDE_IN_FRAMEWORK_HEADER = YES;
				CLANG_WARN_RANGE_LOOP_ANALYSIS = YES;
				CLANG_WARN_STRICT_PROTOTYPES = YES;
				CLANG_WARN_SUSPICIOUS_MOVE = YES;
				CLANG_WARN_UNGUARDED_AVAILABILITY = YES_AGGRESSIVE;
				CLANG_WARN_UNREACHABLE_CODE = YES;
				CLANG_WARN__DUPLICATE_METHOD_MATCH = YES;
				COPY_PHASE_STRIP = NO;
				DEBUG_INFORMATION_FORMAT = dwarf;
				ENABLE_STRICT_OBJC_MSGSEND = YES;
				ENABLE_TESTABILITY = YES;
				GCC_C_LANGUAGE_STANDARD = gnu11;
				GCC_DYNAMIC_NO_PIC = NO;
				GCC_NO_COMMON_BLOCKS = YES;
				GCC_OPTIMIZATION_LEVEL = 0;
				GCC_PREPROCESSOR_DEFINITIONS = (
					"DEBUG=1",
					"$(inherited)",
				);
				GCC_WARN_64_TO_32_BIT_CONVERSION = YES;
				GCC_WARN_ABOUT_RETURN_TYPE = YES_ERROR;
				GCC_WARN_UNDECLARED_SELECTOR = YES;
				GCC_WARN_UNINITIALIZED_AUTOS = YES_AGGRESSIVE;
				GCC_WARN_UNUSED_FUNCTION = YES;
				GCC_WARN_UNUSED_VARIABLE = YES;
				MACOSX_DEPLOYMENT_TARGET = 10.15;
				MTL_ENABLE_DEBUG_INFO = INCLUDE_SOURCE;
				MTL_FAST_MATH = YES;
				ONLY_ACTIVE_ARCH = YES;
				SDKROOT = macosx;
				SWIFT_ACTIVE_COMPILATION_CONDITIONS = TESTING;
				SWIFT_OPTIMIZATION_LEVEL = "-Onone";
			};
			name = Testing;
		};
		910669B3263AA71900583455 /* Testing */ = {
			isa = XCBuildConfiguration;
			buildSettings = {
				ASSETCATALOG_COMPILER_APPICON_NAME = AppIcon;
				ASSETCATALOG_COMPILER_GLOBAL_ACCENT_COLOR_NAME = AccentColor;
				CODE_SIGN_ENTITLEMENTS = kindaVim/kindaVim.entitlements;
				CODE_SIGN_IDENTITY = "Developer ID Application";
				CODE_SIGN_STYLE = Manual;
				COMBINE_HIDPI_IMAGES = YES;
				DEVELOPMENT_ASSET_PATHS = "\"kindaVim/Preview Content\"";
				DEVELOPMENT_TEAM = ZX49WKA8QN;
				ENABLE_HARDENED_RUNTIME = YES;
				ENABLE_PREVIEWS = YES;
				INFOPLIST_FILE = kindaVim/Info.plist;
				LD_RUNPATH_SEARCH_PATHS = (
					"$(inherited)",
					"@executable_path/../Frameworks",
				);
				MACOSX_DEPLOYMENT_TARGET = 10.15;
				PRODUCT_BUNDLE_IDENTIFIER = mo.com.sleeplessmind.kindaVim;
				PRODUCT_NAME = "$(TARGET_NAME)";
				PROVISIONING_PROFILE_SPECIFIER = "";
				SWIFT_VERSION = 5.0;
			};
			name = Testing;
		};
		910669B4263AA71900583455 /* Testing */ = {
			isa = XCBuildConfiguration;
			buildSettings = {
				ALWAYS_EMBED_SWIFT_STANDARD_LIBRARIES = YES;
				BUNDLE_LOADER = "$(TEST_HOST)";
				CODE_SIGN_IDENTITY = "Developer ID Application";
				CODE_SIGN_STYLE = Manual;
				COMBINE_HIDPI_IMAGES = YES;
				DEVELOPMENT_TEAM = ZX49WKA8QN;
				INFOPLIST_FILE = kindaVimTests/Info.plist;
				LD_RUNPATH_SEARCH_PATHS = (
					"$(inherited)",
					"@executable_path/../Frameworks",
					"@loader_path/../Frameworks",
				);
				MACOSX_DEPLOYMENT_TARGET = 10.15;
				PRODUCT_BUNDLE_IDENTIFIER = mo.com.sleeplessmind.kindaVimTests;
				PRODUCT_NAME = "$(TARGET_NAME)";
				PROVISIONING_PROFILE_SPECIFIER = "";
				SWIFT_VERSION = 5.0;
				TEST_HOST = "$(BUILT_PRODUCTS_DIR)/kindaVim.app/Contents/MacOS/kindaVim";
			};
			name = Testing;
		};
		9128F2D3262AA90D00625B42 /* Debug */ = {
			isa = XCBuildConfiguration;
			buildSettings = {
				ALWAYS_SEARCH_USER_PATHS = NO;
				CLANG_ANALYZER_NONNULL = YES;
				CLANG_ANALYZER_NUMBER_OBJECT_CONVERSION = YES_AGGRESSIVE;
				CLANG_CXX_LANGUAGE_STANDARD = "gnu++14";
				CLANG_CXX_LIBRARY = "libc++";
				CLANG_ENABLE_MODULES = YES;
				CLANG_ENABLE_OBJC_ARC = YES;
				CLANG_ENABLE_OBJC_WEAK = YES;
				CLANG_WARN_BLOCK_CAPTURE_AUTORELEASING = YES;
				CLANG_WARN_BOOL_CONVERSION = YES;
				CLANG_WARN_COMMA = YES;
				CLANG_WARN_CONSTANT_CONVERSION = YES;
				CLANG_WARN_DEPRECATED_OBJC_IMPLEMENTATIONS = YES;
				CLANG_WARN_DIRECT_OBJC_ISA_USAGE = YES_ERROR;
				CLANG_WARN_DOCUMENTATION_COMMENTS = YES;
				CLANG_WARN_EMPTY_BODY = YES;
				CLANG_WARN_ENUM_CONVERSION = YES;
				CLANG_WARN_INFINITE_RECURSION = YES;
				CLANG_WARN_INT_CONVERSION = YES;
				CLANG_WARN_NON_LITERAL_NULL_CONVERSION = YES;
				CLANG_WARN_OBJC_IMPLICIT_RETAIN_SELF = YES;
				CLANG_WARN_OBJC_LITERAL_CONVERSION = YES;
				CLANG_WARN_OBJC_ROOT_CLASS = YES_ERROR;
				CLANG_WARN_QUOTED_INCLUDE_IN_FRAMEWORK_HEADER = YES;
				CLANG_WARN_RANGE_LOOP_ANALYSIS = YES;
				CLANG_WARN_STRICT_PROTOTYPES = YES;
				CLANG_WARN_SUSPICIOUS_MOVE = YES;
				CLANG_WARN_UNGUARDED_AVAILABILITY = YES_AGGRESSIVE;
				CLANG_WARN_UNREACHABLE_CODE = YES;
				CLANG_WARN__DUPLICATE_METHOD_MATCH = YES;
				COPY_PHASE_STRIP = NO;
				DEBUG_INFORMATION_FORMAT = dwarf;
				ENABLE_STRICT_OBJC_MSGSEND = YES;
				ENABLE_TESTABILITY = YES;
				GCC_C_LANGUAGE_STANDARD = gnu11;
				GCC_DYNAMIC_NO_PIC = NO;
				GCC_NO_COMMON_BLOCKS = YES;
				GCC_OPTIMIZATION_LEVEL = 0;
				GCC_PREPROCESSOR_DEFINITIONS = (
					"DEBUG=1",
					"$(inherited)",
				);
				GCC_WARN_64_TO_32_BIT_CONVERSION = YES;
				GCC_WARN_ABOUT_RETURN_TYPE = YES_ERROR;
				GCC_WARN_UNDECLARED_SELECTOR = YES;
				GCC_WARN_UNINITIALIZED_AUTOS = YES_AGGRESSIVE;
				GCC_WARN_UNUSED_FUNCTION = YES;
				GCC_WARN_UNUSED_VARIABLE = YES;
				MACOSX_DEPLOYMENT_TARGET = 10.15;
				MTL_ENABLE_DEBUG_INFO = INCLUDE_SOURCE;
				MTL_FAST_MATH = YES;
				ONLY_ACTIVE_ARCH = YES;
				SDKROOT = macosx;
				SWIFT_ACTIVE_COMPILATION_CONDITIONS = DEBUG;
				SWIFT_OPTIMIZATION_LEVEL = "-Onone";
			};
			name = Debug;
		};
		9128F2D4262AA90D00625B42 /* Release */ = {
			isa = XCBuildConfiguration;
			buildSettings = {
				ALWAYS_SEARCH_USER_PATHS = NO;
				CLANG_ANALYZER_NONNULL = YES;
				CLANG_ANALYZER_NUMBER_OBJECT_CONVERSION = YES_AGGRESSIVE;
				CLANG_CXX_LANGUAGE_STANDARD = "gnu++14";
				CLANG_CXX_LIBRARY = "libc++";
				CLANG_ENABLE_MODULES = YES;
				CLANG_ENABLE_OBJC_ARC = YES;
				CLANG_ENABLE_OBJC_WEAK = YES;
				CLANG_WARN_BLOCK_CAPTURE_AUTORELEASING = YES;
				CLANG_WARN_BOOL_CONVERSION = YES;
				CLANG_WARN_COMMA = YES;
				CLANG_WARN_CONSTANT_CONVERSION = YES;
				CLANG_WARN_DEPRECATED_OBJC_IMPLEMENTATIONS = YES;
				CLANG_WARN_DIRECT_OBJC_ISA_USAGE = YES_ERROR;
				CLANG_WARN_DOCUMENTATION_COMMENTS = YES;
				CLANG_WARN_EMPTY_BODY = YES;
				CLANG_WARN_ENUM_CONVERSION = YES;
				CLANG_WARN_INFINITE_RECURSION = YES;
				CLANG_WARN_INT_CONVERSION = YES;
				CLANG_WARN_NON_LITERAL_NULL_CONVERSION = YES;
				CLANG_WARN_OBJC_IMPLICIT_RETAIN_SELF = YES;
				CLANG_WARN_OBJC_LITERAL_CONVERSION = YES;
				CLANG_WARN_OBJC_ROOT_CLASS = YES_ERROR;
				CLANG_WARN_QUOTED_INCLUDE_IN_FRAMEWORK_HEADER = YES;
				CLANG_WARN_RANGE_LOOP_ANALYSIS = YES;
				CLANG_WARN_STRICT_PROTOTYPES = YES;
				CLANG_WARN_SUSPICIOUS_MOVE = YES;
				CLANG_WARN_UNGUARDED_AVAILABILITY = YES_AGGRESSIVE;
				CLANG_WARN_UNREACHABLE_CODE = YES;
				CLANG_WARN__DUPLICATE_METHOD_MATCH = YES;
				COPY_PHASE_STRIP = NO;
				DEBUG_INFORMATION_FORMAT = "dwarf-with-dsym";
				ENABLE_NS_ASSERTIONS = NO;
				ENABLE_STRICT_OBJC_MSGSEND = YES;
				GCC_C_LANGUAGE_STANDARD = gnu11;
				GCC_NO_COMMON_BLOCKS = YES;
				GCC_WARN_64_TO_32_BIT_CONVERSION = YES;
				GCC_WARN_ABOUT_RETURN_TYPE = YES_ERROR;
				GCC_WARN_UNDECLARED_SELECTOR = YES;
				GCC_WARN_UNINITIALIZED_AUTOS = YES_AGGRESSIVE;
				GCC_WARN_UNUSED_FUNCTION = YES;
				GCC_WARN_UNUSED_VARIABLE = YES;
				MACOSX_DEPLOYMENT_TARGET = 10.15;
				MTL_ENABLE_DEBUG_INFO = NO;
				MTL_FAST_MATH = YES;
				SDKROOT = macosx;
				SWIFT_COMPILATION_MODE = wholemodule;
				SWIFT_OPTIMIZATION_LEVEL = "-O";
			};
			name = Release;
		};
		9128F2D6262AA90D00625B42 /* Debug */ = {
			isa = XCBuildConfiguration;
			buildSettings = {
				ASSETCATALOG_COMPILER_APPICON_NAME = AppIcon;
				ASSETCATALOG_COMPILER_GLOBAL_ACCENT_COLOR_NAME = AccentColor;
				CODE_SIGN_ENTITLEMENTS = kindaVim/kindaVim.entitlements;
				CODE_SIGN_IDENTITY = "Developer ID Application";
				CODE_SIGN_STYLE = Manual;
				COMBINE_HIDPI_IMAGES = YES;
				DEVELOPMENT_ASSET_PATHS = "\"kindaVim/Preview Content\"";
				DEVELOPMENT_TEAM = ZX49WKA8QN;
				ENABLE_HARDENED_RUNTIME = YES;
				ENABLE_PREVIEWS = YES;
				INFOPLIST_FILE = kindaVim/Info.plist;
				LD_RUNPATH_SEARCH_PATHS = (
					"$(inherited)",
					"@executable_path/../Frameworks",
				);
				MACOSX_DEPLOYMENT_TARGET = 10.15;
				PRODUCT_BUNDLE_IDENTIFIER = mo.com.sleeplessmind.kindaVim;
				PRODUCT_NAME = "$(TARGET_NAME)";
				PROVISIONING_PROFILE_SPECIFIER = "";
				SWIFT_VERSION = 5.0;
			};
			name = Debug;
		};
		9128F2D7262AA90D00625B42 /* Release */ = {
			isa = XCBuildConfiguration;
			buildSettings = {
				ASSETCATALOG_COMPILER_APPICON_NAME = AppIcon;
				ASSETCATALOG_COMPILER_GLOBAL_ACCENT_COLOR_NAME = AccentColor;
				CODE_SIGN_ENTITLEMENTS = kindaVim/kindaVim.entitlements;
				CODE_SIGN_IDENTITY = "Developer ID Application";
				CODE_SIGN_STYLE = Manual;
				COMBINE_HIDPI_IMAGES = YES;
				DEVELOPMENT_ASSET_PATHS = "\"kindaVim/Preview Content\"";
				DEVELOPMENT_TEAM = ZX49WKA8QN;
				ENABLE_HARDENED_RUNTIME = YES;
				ENABLE_PREVIEWS = YES;
				INFOPLIST_FILE = kindaVim/Info.plist;
				LD_RUNPATH_SEARCH_PATHS = (
					"$(inherited)",
					"@executable_path/../Frameworks",
				);
				MACOSX_DEPLOYMENT_TARGET = 10.15;
				PRODUCT_BUNDLE_IDENTIFIER = mo.com.sleeplessmind.kindaVim;
				PRODUCT_NAME = "$(TARGET_NAME)";
				PROVISIONING_PROFILE_SPECIFIER = "";
				SWIFT_VERSION = 5.0;
			};
			name = Release;
		};
		9128F2D9262AA90D00625B42 /* Debug */ = {
			isa = XCBuildConfiguration;
			buildSettings = {
				ALWAYS_EMBED_SWIFT_STANDARD_LIBRARIES = YES;
				BUNDLE_LOADER = "$(TEST_HOST)";
				CODE_SIGN_IDENTITY = "Developer ID Application";
				CODE_SIGN_STYLE = Manual;
				COMBINE_HIDPI_IMAGES = YES;
				DEVELOPMENT_TEAM = ZX49WKA8QN;
				INFOPLIST_FILE = kindaVimTests/Info.plist;
				LD_RUNPATH_SEARCH_PATHS = (
					"$(inherited)",
					"@executable_path/../Frameworks",
					"@loader_path/../Frameworks",
				);
				MACOSX_DEPLOYMENT_TARGET = 10.15;
				PRODUCT_BUNDLE_IDENTIFIER = mo.com.sleeplessmind.kindaVimTests;
				PRODUCT_NAME = "$(TARGET_NAME)";
				PROVISIONING_PROFILE_SPECIFIER = "";
				SWIFT_VERSION = 5.0;
				TEST_HOST = "$(BUILT_PRODUCTS_DIR)/kindaVim.app/Contents/MacOS/kindaVim";
			};
			name = Debug;
		};
		9128F2DA262AA90D00625B42 /* Release */ = {
			isa = XCBuildConfiguration;
			buildSettings = {
				ALWAYS_EMBED_SWIFT_STANDARD_LIBRARIES = YES;
				BUNDLE_LOADER = "$(TEST_HOST)";
				CODE_SIGN_IDENTITY = "Developer ID Application";
				CODE_SIGN_STYLE = Manual;
				COMBINE_HIDPI_IMAGES = YES;
				DEVELOPMENT_TEAM = ZX49WKA8QN;
				INFOPLIST_FILE = kindaVimTests/Info.plist;
				LD_RUNPATH_SEARCH_PATHS = (
					"$(inherited)",
					"@executable_path/../Frameworks",
					"@loader_path/../Frameworks",
				);
				MACOSX_DEPLOYMENT_TARGET = 10.15;
				PRODUCT_BUNDLE_IDENTIFIER = mo.com.sleeplessmind.kindaVimTests;
				PRODUCT_NAME = "$(TARGET_NAME)";
				PROVISIONING_PROFILE_SPECIFIER = "";
				SWIFT_VERSION = 5.0;
				TEST_HOST = "$(BUILT_PRODUCTS_DIR)/kindaVim.app/Contents/MacOS/kindaVim";
			};
			name = Release;
		};
/* End XCBuildConfiguration section */

/* Begin XCConfigurationList section */
		9128F2A7262AA90C00625B42 /* Build configuration list for PBXProject "kindaVim" */ = {
			isa = XCConfigurationList;
			buildConfigurations = (
				9128F2D3262AA90D00625B42 /* Debug */,
				910669B2263AA71900583455 /* Testing */,
				9128F2D4262AA90D00625B42 /* Release */,
			);
			defaultConfigurationIsVisible = 0;
			defaultConfigurationName = Release;
		};
		9128F2D5262AA90D00625B42 /* Build configuration list for PBXNativeTarget "kindaVim" */ = {
			isa = XCConfigurationList;
			buildConfigurations = (
				9128F2D6262AA90D00625B42 /* Debug */,
				910669B3263AA71900583455 /* Testing */,
				9128F2D7262AA90D00625B42 /* Release */,
			);
			defaultConfigurationIsVisible = 0;
			defaultConfigurationName = Release;
		};
		9128F2D8262AA90D00625B42 /* Build configuration list for PBXNativeTarget "kindaVimTests" */ = {
			isa = XCConfigurationList;
			buildConfigurations = (
				9128F2D9262AA90D00625B42 /* Debug */,
				910669B4263AA71900583455 /* Testing */,
				9128F2DA262AA90D00625B42 /* Release */,
			);
			defaultConfigurationIsVisible = 0;
			defaultConfigurationName = Release;
		};
/* End XCConfigurationList section */
	};
	rootObject = 9128F2A4262AA90C00625B42 /* Project object */;
}
