{
  "object": {
    "pins": [
      {
        "package": "AccessibilityStrategy",
        "repositoryURL": "git@github.com:godbout/AccessibilityStrategy.git",
        "state": {
          "branch": "master",
          "revision": "b3ddaaa8a161c43f06b7211a2b2d98187a8c98c5",
          "version": null
        }
      },
      {
        "package": "AXEngine",
        "repositoryURL": "git@github.com:godbout/AXEngine.git",
        "state": {
          "branch": "master",
          "revision": "2a4cbf94d842dc6ff43a98e298f33eb7e410f56f",
          "version": null
        }
      },
      {
        "package": "Commands",
        "repositoryURL": "git@github.com:godbout/Commands.git",
        "state": {
          "branch": "master",
          "revision": "38aa2685c9cba71a11b06033ed4b89350b57ad24",
          "version": null
        }
      },
      {
        "package": "Common",
        "repositoryURL": "git@github.com:godbout/Common.git",
        "state": {
          "branch": "master",
          "revision": "362f20308bca19cec5455d39ff902e57c9092169",
          "version": null
        }
      },
      {
        "package": "KeyboardShortcuts",
        "repositoryURL": "git@github.com:sindresorhus/KeyboardShortcuts.git",
        "state": {
          "branch": null,
          "revision": "9bc72c441c713362a137ecbb4104920655a9aa5e",
          "version": "1.4.0"
        }
      },
      {
        "package": "KeyboardStrategy",
        "repositoryURL": "git@github.com:godbout/KeyboardStrategy.git",
        "state": {
          "branch": "master",
          "revision": "8fda8277d9f11fae8ab43b1c6b68af945c9d9213",
          "version": null
        }
      },
      {
        "package": "KeyCombination",
        "repositoryURL": "git@github.com:godbout/KeyCombination.git",
        "state": {
          "branch": "master",
          "revision": "9f1063b6be7f128c51a0567ad0682dfa200ff22c",
          "version": null
        }
      },
      {
        "package": "LaunchAtLogin",
        "repositoryURL": "git@github.com:sindresorhus/LaunchAtLogin.git",
        "state": {
          "branch": null,
          "revision": "e8171b3e38a2816f579f58f3dac1522aa39efe41",
          "version": "4.2.0"
        }
      },
      {
        "package": "Sauce",
        "repositoryURL": "git@github.com:Clipy/Sauce.git",
        "state": {
          "branch": null,
          "revision": "88bd02d8069e4db1a03202d029c80bb0e5a61800",
          "version": "2.3.0"
        }
      },
      {
        "package": "Sparkle",
        "repositoryURL": "https://github.com/sparkle-project/Sparkle",
        "state": {
          "branch": "2.x",
          "revision": "8edc77fdb2320f24a3951e52521ce82061019652",
          "version": null
        }
      }
    ]
  },
  "version": 1
}
