{
  "object": {
    "pins": [
      {
        "package": "AccessibilityStrategy",
        "repositoryURL": "git@github.com:godbout/AccessibilityStrategy.git",
        "state": {
          "branch": "master",
          "revision": "480d16fd31f422c2600ed84a161e2e3895835d09",
          "version": null
        }
      },
      {
        "package": "AXEngine",
        "repositoryURL": "git@github.com:godbout/AXEngine.git",
        "state": {
          "branch": "master",
          "revision": "36ec716eaad97f45adae5e36c9309259b086f849",
          "version": null
        }
      },
      {
        "package": "KeyboardShortcuts",
        "repositoryURL": "git@github.com:sindresorhus/KeyboardShortcuts.git",
        "state": {
          "branch": null,
          "revision": "0d77aa6851615007a84c9ca77c420dbd13bbad8a",
          "version": "1.3.0"
        }
      },
      {
        "package": "KeyboardStrategy",
        "repositoryURL": "git@github.com:godbout/KeyboardStrategy.git",
        "state": {
          "branch": "master",
          "revision": "dd76159ccd5eed657ab832ae5eda34f1bedda9b7",
          "version": null
        }
      },
      {
        "package": "KeyCombination",
        "repositoryURL": "git@github.com:godbout/KeyCombination.git",
        "state": {
          "branch": "master",
          "revision": "460c5ffd99557f58e366ee4ad69111bb2d8733cb",
          "version": null
        }
      },
      {
        "package": "LaunchAtLogin",
        "repositoryURL": "git@github.com:sindresorhus/LaunchAtLogin.git",
        "state": {
          "branch": null,
          "revision": "e8171b3e38a2816f579f58f3dac1522aa39efe41",
          "version": "4.2.0"
        }
      },
      {
        "package": "Sauce",
        "repositoryURL": "git@github.com:Clipy/Sauce.git",
        "state": {
          "branch": null,
          "revision": "2fcf7e43a242b183fdea3f2275ebec0d773b65f5",
          "version": "2.2.0"
        }
      },
      {
        "package": "Sparkle",
        "repositoryURL": "https://github.com/sparkle-project/Sparkle",
        "state": {
          "branch": "2.x",
          "revision": "2195ee0883efc92828a0cf33b830f43f9bd7e01b",
          "version": null
        }
      }
    ]
  },
  "version": 1
}
